// !$*UTF8*$!
{
	archiveVersion = 1;
	classes = {
	};
	objectVersion = 46;
	objects = {

/* Begin PBXBuildFile section */
		01000BE11DFB380200DE46F0 /* testInput.txt in CopyFiles */ = {isa = PBXBuildFile; fileRef = 01000BE01DFB354600DE46F0 /* testInput.txt */; };
		01000BE91DFC514500DE46F0 /* main.swift in Sources */ = {isa = PBXBuildFile; fileRef = 01000BE81DFC514500DE46F0 /* main.swift */; };
		01000BEE1DFC515D00DE46F0 /* input.txt in CopyFiles */ = {isa = PBXBuildFile; fileRef = 01000BED1DFC515B00DE46F0 /* input.txt */; };
		01000BF01DFC519D00DE46F0 /* testInput.txt in CopyFiles */ = {isa = PBXBuildFile; fileRef = 01000BEF1DFC519900DE46F0 /* testInput.txt */; };
		01000BF11DFC95A700DE46F0 /* StringExtensions.swift in Sources */ = {isa = PBXBuildFile; fileRef = 0151E8001DF75D8C000B27E1 /* StringExtensions.swift */; };
		01357B481DF5B0B30090EFDC /* main.swift in Sources */ = {isa = PBXBuildFile; fileRef = 01357B471DF5B0B30090EFDC /* main.swift */; };
		01357B581DF617EB0090EFDC /* main.swift in Sources */ = {isa = PBXBuildFile; fileRef = 01357B571DF617EB0090EFDC /* main.swift */; };
		01357B6D1DF61EE80090EFDC /* input.txt in CopyFiles */ = {isa = PBXBuildFile; fileRef = 01357B6C1DF61EBF0090EFDC /* input.txt */; };
		01357B751DF6A83B0090EFDC /* main.swift in Sources */ = {isa = PBXBuildFile; fileRef = 01357B741DF6A83B0090EFDC /* main.swift */; };
		01357B7A1DF6A8860090EFDC /* input.txt in CopyFiles */ = {isa = PBXBuildFile; fileRef = 01357B791DF6A86B0090EFDC /* input.txt */; };
		013B12FA1E0BDDBF002DAD24 /* main.swift in Sources */ = {isa = PBXBuildFile; fileRef = 013B12F91E0BDDBF002DAD24 /* main.swift */; };
		013B12FF1E0BDDD9002DAD24 /* input.txt in CopyFiles */ = {isa = PBXBuildFile; fileRef = 013B12FE1E0BDDCE002DAD24 /* input.txt */; };
		013B13001E0BE115002DAD24 /* StringExtensions.swift in Sources */ = {isa = PBXBuildFile; fileRef = 0151E8001DF75D8C000B27E1 /* StringExtensions.swift */; };
		013B13081E0D357C002DAD24 /* main.swift in Sources */ = {isa = PBXBuildFile; fileRef = 013B13071E0D357C002DAD24 /* main.swift */; };
		013B130D1E0D359C002DAD24 /* input.txt in CopyFiles */ = {isa = PBXBuildFile; fileRef = 013B130C1E0D3593002DAD24 /* input.txt */; };
		013B130E1E0D41EE002DAD24 /* Measure.swift in Sources */ = {isa = PBXBuildFile; fileRef = 01AE0EBB1E00851000777738 /* Measure.swift */; };
		013B13101E0D465D002DAD24 /* testinput.txt in CopyFiles */ = {isa = PBXBuildFile; fileRef = 013B130F1E0D4651002DAD24 /* testinput.txt */; };
		013B67A31E0150FE000D9D7F /* main.swift in Sources */ = {isa = PBXBuildFile; fileRef = 013B67A21E0150FE000D9D7F /* main.swift */; };
		013B67A91E015168000D9D7F /* DataExtensions.swift in Sources */ = {isa = PBXBuildFile; fileRef = 013B67A71E015137000D9D7F /* DataExtensions.swift */; };
		013B67AA1E01516B000D9D7F /* DataExtensions.swift in Sources */ = {isa = PBXBuildFile; fileRef = 013B67A71E015137000D9D7F /* DataExtensions.swift */; };
		013B67AB1E01516E000D9D7F /* StringExtensions.swift in Sources */ = {isa = PBXBuildFile; fileRef = 0151E8001DF75D8C000B27E1 /* StringExtensions.swift */; };
		013B67AD1E015815000D9D7F /* Measure.swift in Sources */ = {isa = PBXBuildFile; fileRef = 01AE0EBB1E00851000777738 /* Measure.swift */; };
		0151E8011DF75D8C000B27E1 /* StringExtensions.swift in Sources */ = {isa = PBXBuildFile; fileRef = 0151E8001DF75D8C000B27E1 /* StringExtensions.swift */; };
		0151E8091DF75EC0000B27E1 /* main.swift in Sources */ = {isa = PBXBuildFile; fileRef = 0151E8081DF75EC0000B27E1 /* main.swift */; };
		0151E8141DF75ECB000B27E1 /* main.swift in Sources */ = {isa = PBXBuildFile; fileRef = 0151E8131DF75ECB000B27E1 /* main.swift */; };
		0151E81F1DF75ED2000B27E1 /* main.swift in Sources */ = {isa = PBXBuildFile; fileRef = 0151E81E1DF75ED2000B27E1 /* main.swift */; };
		0151E8261DF75F63000B27E1 /* input.txt in CopyFiles */ = {isa = PBXBuildFile; fileRef = 0151E8231DF75F10000B27E1 /* input.txt */; };
		0151E8271DF75F6D000B27E1 /* input.txt in CopyFiles */ = {isa = PBXBuildFile; fileRef = 0151E8241DF75F1C000B27E1 /* input.txt */; };
		0151E8281DF75F7D000B27E1 /* input.txt in CopyFiles */ = {isa = PBXBuildFile; fileRef = 0151E8251DF75F23000B27E1 /* input.txt */; };
		0151E8291DF76065000B27E1 /* StringExtensions.swift in Sources */ = {isa = PBXBuildFile; fileRef = 0151E8001DF75D8C000B27E1 /* StringExtensions.swift */; };
		0151E82A1DF7606C000B27E1 /* StringExtensions.swift in Sources */ = {isa = PBXBuildFile; fileRef = 0151E8001DF75D8C000B27E1 /* StringExtensions.swift */; };
		0151E82B1DF7606D000B27E1 /* StringExtensions.swift in Sources */ = {isa = PBXBuildFile; fileRef = 0151E8001DF75D8C000B27E1 /* StringExtensions.swift */; };
		0151E82C1DF7606E000B27E1 /* StringExtensions.swift in Sources */ = {isa = PBXBuildFile; fileRef = 0151E8001DF75D8C000B27E1 /* StringExtensions.swift */; };
		0151E82D1DF7606F000B27E1 /* StringExtensions.swift in Sources */ = {isa = PBXBuildFile; fileRef = 0151E8001DF75D8C000B27E1 /* StringExtensions.swift */; };
		0151E8351DF7732F000B27E1 /* main.swift in Sources */ = {isa = PBXBuildFile; fileRef = 0151E8341DF7732F000B27E1 /* main.swift */; };
		0151E83A1DF7FA66000B27E1 /* input.txt in CopyFiles */ = {isa = PBXBuildFile; fileRef = 0151E8391DF7FA53000B27E1 /* input.txt */; };
		0151E83B1DF810AA000B27E1 /* StringExtensions.swift in Sources */ = {isa = PBXBuildFile; fileRef = 0151E8001DF75D8C000B27E1 /* StringExtensions.swift */; };
		015BBBF91DF94BEE0021F642 /* main.swift in Sources */ = {isa = PBXBuildFile; fileRef = 015BBBF81DF94BEE0021F642 /* main.swift */; };
		015BBBFE1DF94C130021F642 /* input.txt in CopyFiles */ = {isa = PBXBuildFile; fileRef = 015BBBFD1DF94C080021F642 /* input.txt */; };
		015BBC061DFA9D380021F642 /* main.swift in Sources */ = {isa = PBXBuildFile; fileRef = 015BBC051DFA9D380021F642 /* main.swift */; };
		015BBC0B1DFA9DB70021F642 /* input.txt in CopyFiles */ = {isa = PBXBuildFile; fileRef = 015BBC0A1DFA9D730021F642 /* input.txt */; };
		01649D141DFE9D11008DDFB4 /* main.swift in Sources */ = {isa = PBXBuildFile; fileRef = 01649D131DFE9D11008DDFB4 /* main.swift */; };
		01649D191DFE9D56008DDFB4 /* input.txt in CopyFiles */ = {isa = PBXBuildFile; fileRef = 01649D181DFE9D3A008DDFB4 /* input.txt */; };
		0172EF231E068A69005F05D9 /* main.swift in Sources */ = {isa = PBXBuildFile; fileRef = 0172EF221E068A69005F05D9 /* main.swift */; };
		0172EF281E06A8A8005F05D9 /* Measure.swift in Sources */ = {isa = PBXBuildFile; fileRef = 01AE0EBB1E00851000777738 /* Measure.swift */; };
		017D48B31E08111600562037 /* main.swift in Sources */ = {isa = PBXBuildFile; fileRef = 017D48B21E08111600562037 /* main.swift */; };
		017D48B71E08117E00562037 /* Measure.swift in Sources */ = {isa = PBXBuildFile; fileRef = 01AE0EBB1E00851000777738 /* Measure.swift */; };
		017D48C21E09556E00562037 /* main.swift in Sources */ = {isa = PBXBuildFile; fileRef = 017D48C11E09556E00562037 /* main.swift */; };
		017D48C71E0955A300562037 /* input.txt in CopyFiles */ = {isa = PBXBuildFile; fileRef = 017D48C61E09559200562037 /* input.txt */; };
		018641241E0B102A00900D2A /* main.swift in Sources */ = {isa = PBXBuildFile; fileRef = 018641231E0B102A00900D2A /* main.swift */; };
		018641291E0B106D00900D2A /* input.txt in CopyFiles */ = {isa = PBXBuildFile; fileRef = 018641281E0B106200900D2A /* input.txt */; };
		0186412A1E0B10FA00900D2A /* Measure.swift in Sources */ = {isa = PBXBuildFile; fileRef = 01AE0EBB1E00851000777738 /* Measure.swift */; };
		01AE0EB71E002CC400777738 /* main.swift in Sources */ = {isa = PBXBuildFile; fileRef = 01AE0EB61E002CC400777738 /* main.swift */; };
		01AE0EBC1E00851000777738 /* Measure.swift in Sources */ = {isa = PBXBuildFile; fileRef = 01AE0EBB1E00851000777738 /* Measure.swift */; };
		01D388F91E02B38B00E95B93 /* main.swift in Sources */ = {isa = PBXBuildFile; fileRef = 01D388F81E02B38B00E95B93 /* main.swift */; };
		01E3CE9F1E03D58D0076EF09 /* main.swift in Sources */ = {isa = PBXBuildFile; fileRef = 01E3CE9E1E03D58D0076EF09 /* main.swift */; };
		01E3CEA31E03E9130076EF09 /* Measure.swift in Sources */ = {isa = PBXBuildFile; fileRef = 01AE0EBB1E00851000777738 /* Measure.swift */; };
		01E3CEBE1E0538110076EF09 /* main.swift in Sources */ = {isa = PBXBuildFile; fileRef = 01E3CEBD1E0538110076EF09 /* main.swift */; };
		01E3CEC21E053ADB0076EF09 /* StringExtensions.swift in Sources */ = {isa = PBXBuildFile; fileRef = 0151E8001DF75D8C000B27E1 /* StringExtensions.swift */; };
		01E3CEC31E053E850076EF09 /* Measure.swift in Sources */ = {isa = PBXBuildFile; fileRef = 01AE0EBB1E00851000777738 /* Measure.swift */; };
		01E3CEC61E057FB20076EF09 /* NSString+Hash.m in Sources */ = {isa = PBXBuildFile; fileRef = 01E3CEC51E057FB20076EF09 /* NSString+Hash.m */; };
		01ED22F71E0980E200289BA8 /* Measure.swift in Sources */ = {isa = PBXBuildFile; fileRef = 01AE0EBB1E00851000777738 /* Measure.swift */; };
/* End PBXBuildFile section */

/* Begin PBXCopyFilesBuildPhase section */
		01000BE41DFC514500DE46F0 /* CopyFiles */ = {
			isa = PBXCopyFilesBuildPhase;
			buildActionMask = 12;
			dstPath = day10;
			dstSubfolderSpec = 16;
			files = (
				01000BEE1DFC515D00DE46F0 /* input.txt in CopyFiles */,
				01000BF01DFC519D00DE46F0 /* testInput.txt in CopyFiles */,
			);
			runOnlyForDeploymentPostprocessing = 0;
		};
		01357B421DF5B0B30090EFDC /* CopyFiles */ = {
			isa = PBXCopyFilesBuildPhase;
			buildActionMask = 2147483647;
			dstPath = /usr/share/man/man1/;
			dstSubfolderSpec = 0;
			files = (
			);
			runOnlyForDeploymentPostprocessing = 1;
		};
		01357B531DF617EB0090EFDC /* CopyFiles */ = {
			isa = PBXCopyFilesBuildPhase;
			buildActionMask = 12;
			dstPath = day1;
			dstSubfolderSpec = 16;
			files = (
				01357B6D1DF61EE80090EFDC /* input.txt in CopyFiles */,
			);
			runOnlyForDeploymentPostprocessing = 0;
		};
		01357B701DF6A83B0090EFDC /* CopyFiles */ = {
			isa = PBXCopyFilesBuildPhase;
			buildActionMask = 12;
			dstPath = day6;
			dstSubfolderSpec = 16;
			files = (
				01357B7A1DF6A8860090EFDC /* input.txt in CopyFiles */,
			);
			runOnlyForDeploymentPostprocessing = 0;
		};
		013B12F51E0BDDBF002DAD24 /* CopyFiles */ = {
			isa = PBXCopyFilesBuildPhase;
			buildActionMask = 12;
			dstPath = day22;
			dstSubfolderSpec = 16;
			files = (
				013B12FF1E0BDDD9002DAD24 /* input.txt in CopyFiles */,
			);
			runOnlyForDeploymentPostprocessing = 0;
		};
		013B13031E0D357C002DAD24 /* CopyFiles */ = {
			isa = PBXCopyFilesBuildPhase;
			buildActionMask = 12;
			dstPath = day23;
			dstSubfolderSpec = 16;
			files = (
				013B13101E0D465D002DAD24 /* testinput.txt in CopyFiles */,
				013B130D1E0D359C002DAD24 /* input.txt in CopyFiles */,
			);
			runOnlyForDeploymentPostprocessing = 0;
		};
		013B679E1E0150FE000D9D7F /* CopyFiles */ = {
			isa = PBXCopyFilesBuildPhase;
			buildActionMask = 2147483647;
			dstPath = /usr/share/man/man1/;
			dstSubfolderSpec = 0;
			files = (
			);
			runOnlyForDeploymentPostprocessing = 1;
		};
		0151E8041DF75EBF000B27E1 /* CopyFiles */ = {
			isa = PBXCopyFilesBuildPhase;
			buildActionMask = 12;
			dstPath = day2;
			dstSubfolderSpec = 16;
			files = (
				0151E8261DF75F63000B27E1 /* input.txt in CopyFiles */,
			);
			runOnlyForDeploymentPostprocessing = 0;
		};
		0151E80F1DF75ECB000B27E1 /* CopyFiles */ = {
			isa = PBXCopyFilesBuildPhase;
			buildActionMask = 12;
			dstPath = day3;
			dstSubfolderSpec = 16;
			files = (
				0151E8271DF75F6D000B27E1 /* input.txt in CopyFiles */,
			);
			runOnlyForDeploymentPostprocessing = 0;
		};
		0151E81A1DF75ED2000B27E1 /* CopyFiles */ = {
			isa = PBXCopyFilesBuildPhase;
			buildActionMask = 12;
			dstPath = day4;
			dstSubfolderSpec = 16;
			files = (
				0151E8281DF75F7D000B27E1 /* input.txt in CopyFiles */,
			);
			runOnlyForDeploymentPostprocessing = 0;
		};
		0151E8301DF7732F000B27E1 /* CopyFiles */ = {
			isa = PBXCopyFilesBuildPhase;
			buildActionMask = 12;
			dstPath = day7;
			dstSubfolderSpec = 16;
			files = (
				0151E83A1DF7FA66000B27E1 /* input.txt in CopyFiles */,
			);
			runOnlyForDeploymentPostprocessing = 0;
		};
		015BBBF41DF94BEE0021F642 /* CopyFiles */ = {
			isa = PBXCopyFilesBuildPhase;
			buildActionMask = 12;
			dstPath = day8;
			dstSubfolderSpec = 16;
			files = (
				015BBBFE1DF94C130021F642 /* input.txt in CopyFiles */,
			);
			runOnlyForDeploymentPostprocessing = 0;
		};
		015BBC011DFA9D380021F642 /* CopyFiles */ = {
			isa = PBXCopyFilesBuildPhase;
			buildActionMask = 12;
			dstPath = day9;
			dstSubfolderSpec = 16;
			files = (
				015BBC0B1DFA9DB70021F642 /* input.txt in CopyFiles */,
				01000BE11DFB380200DE46F0 /* testInput.txt in CopyFiles */,
			);
			runOnlyForDeploymentPostprocessing = 0;
		};
		01649D0F1DFE9D11008DDFB4 /* CopyFiles */ = {
			isa = PBXCopyFilesBuildPhase;
			buildActionMask = 12;
			dstPath = day12;
			dstSubfolderSpec = 16;
			files = (
				01649D191DFE9D56008DDFB4 /* input.txt in CopyFiles */,
			);
			runOnlyForDeploymentPostprocessing = 0;
		};
		0172EF1E1E068A69005F05D9 /* CopyFiles */ = {
			isa = PBXCopyFilesBuildPhase;
			buildActionMask = 2147483647;
			dstPath = /usr/share/man/man1/;
			dstSubfolderSpec = 0;
			files = (
			);
			runOnlyForDeploymentPostprocessing = 1;
		};
		017D48AE1E08111600562037 /* CopyFiles */ = {
			isa = PBXCopyFilesBuildPhase;
			buildActionMask = 2147483647;
			dstPath = /usr/share/man/man1/;
			dstSubfolderSpec = 0;
			files = (
			);
			runOnlyForDeploymentPostprocessing = 1;
		};
		017D48BD1E09556E00562037 /* CopyFiles */ = {
			isa = PBXCopyFilesBuildPhase;
			buildActionMask = 12;
			dstPath = day20;
			dstSubfolderSpec = 16;
			files = (
				017D48C71E0955A300562037 /* input.txt in CopyFiles */,
			);
			runOnlyForDeploymentPostprocessing = 0;
		};
		0186411F1E0B102A00900D2A /* CopyFiles */ = {
			isa = PBXCopyFilesBuildPhase;
			buildActionMask = 12;
			dstPath = day21;
			dstSubfolderSpec = 16;
			files = (
				018641291E0B106D00900D2A /* input.txt in CopyFiles */,
			);
			runOnlyForDeploymentPostprocessing = 0;
		};
		01AE0EB21E002CC400777738 /* CopyFiles */ = {
			isa = PBXCopyFilesBuildPhase;
			buildActionMask = 2147483647;
			dstPath = /usr/share/man/man1/;
			dstSubfolderSpec = 0;
			files = (
			);
			runOnlyForDeploymentPostprocessing = 1;
		};
		01D388F41E02B38B00E95B93 /* CopyFiles */ = {
			isa = PBXCopyFilesBuildPhase;
			buildActionMask = 2147483647;
			dstPath = /usr/share/man/man1/;
			dstSubfolderSpec = 0;
			files = (
			);
			runOnlyForDeploymentPostprocessing = 1;
		};
		01E3CE9A1E03D58C0076EF09 /* CopyFiles */ = {
			isa = PBXCopyFilesBuildPhase;
			buildActionMask = 2147483647;
			dstPath = /usr/share/man/man1/;
			dstSubfolderSpec = 0;
			files = (
			);
			runOnlyForDeploymentPostprocessing = 1;
		};
		01E3CEB91E0538110076EF09 /* CopyFiles */ = {
			isa = PBXCopyFilesBuildPhase;
			buildActionMask = 2147483647;
			dstPath = /usr/share/man/man1/;
			dstSubfolderSpec = 0;
			files = (
			);
			runOnlyForDeploymentPostprocessing = 1;
		};
/* End PBXCopyFilesBuildPhase section */

/* Begin PBXFileReference section */
		01000BE01DFB354600DE46F0 /* testInput.txt */ = {isa = PBXFileReference; fileEncoding = 4; lastKnownFileType = text; path = testInput.txt; sourceTree = "<group>"; };
		01000BE61DFC514500DE46F0 /* aoc-day10 */ = {isa = PBXFileReference; explicitFileType = "compiled.mach-o.executable"; includeInIndex = 0; path = "aoc-day10"; sourceTree = BUILT_PRODUCTS_DIR; };
		01000BE81DFC514500DE46F0 /* main.swift */ = {isa = PBXFileReference; lastKnownFileType = sourcecode.swift; path = main.swift; sourceTree = "<group>"; };
		01000BED1DFC515B00DE46F0 /* input.txt */ = {isa = PBXFileReference; lastKnownFileType = text; path = input.txt; sourceTree = "<group>"; };
		01000BEF1DFC519900DE46F0 /* testInput.txt */ = {isa = PBXFileReference; lastKnownFileType = text; path = testInput.txt; sourceTree = "<group>"; };
		01357B441DF5B0B30090EFDC /* aoc-day5 */ = {isa = PBXFileReference; explicitFileType = "compiled.mach-o.executable"; includeInIndex = 0; path = "aoc-day5"; sourceTree = BUILT_PRODUCTS_DIR; };
		01357B471DF5B0B30090EFDC /* main.swift */ = {isa = PBXFileReference; lastKnownFileType = sourcecode.swift; path = main.swift; sourceTree = "<group>"; };
		01357B551DF617EB0090EFDC /* aoc-day1 */ = {isa = PBXFileReference; explicitFileType = "compiled.mach-o.executable"; includeInIndex = 0; path = "aoc-day1"; sourceTree = BUILT_PRODUCTS_DIR; };
		01357B571DF617EB0090EFDC /* main.swift */ = {isa = PBXFileReference; lastKnownFileType = sourcecode.swift; path = main.swift; sourceTree = "<group>"; };
		01357B6C1DF61EBF0090EFDC /* input.txt */ = {isa = PBXFileReference; lastKnownFileType = text; path = input.txt; sourceTree = "<group>"; };
		01357B721DF6A83B0090EFDC /* aoc-day6 */ = {isa = PBXFileReference; explicitFileType = "compiled.mach-o.executable"; includeInIndex = 0; path = "aoc-day6"; sourceTree = BUILT_PRODUCTS_DIR; };
		01357B741DF6A83B0090EFDC /* main.swift */ = {isa = PBXFileReference; lastKnownFileType = sourcecode.swift; path = main.swift; sourceTree = "<group>"; };
		01357B791DF6A86B0090EFDC /* input.txt */ = {isa = PBXFileReference; fileEncoding = 4; lastKnownFileType = text; path = input.txt; sourceTree = "<group>"; };
		013B12F71E0BDDBF002DAD24 /* aoc-day22 */ = {isa = PBXFileReference; explicitFileType = "compiled.mach-o.executable"; includeInIndex = 0; path = "aoc-day22"; sourceTree = BUILT_PRODUCTS_DIR; };
		013B12F91E0BDDBF002DAD24 /* main.swift */ = {isa = PBXFileReference; lastKnownFileType = sourcecode.swift; path = main.swift; sourceTree = "<group>"; };
		013B12FE1E0BDDCE002DAD24 /* input.txt */ = {isa = PBXFileReference; lastKnownFileType = text; path = input.txt; sourceTree = "<group>"; };
		013B13051E0D357C002DAD24 /* aoc-day23 */ = {isa = PBXFileReference; explicitFileType = "compiled.mach-o.executable"; includeInIndex = 0; path = "aoc-day23"; sourceTree = BUILT_PRODUCTS_DIR; };
		013B13071E0D357C002DAD24 /* main.swift */ = {isa = PBXFileReference; lastKnownFileType = sourcecode.swift; path = main.swift; sourceTree = "<group>"; };
		013B130C1E0D3593002DAD24 /* input.txt */ = {isa = PBXFileReference; lastKnownFileType = text; path = input.txt; sourceTree = "<group>"; };
		013B130F1E0D4651002DAD24 /* testinput.txt */ = {isa = PBXFileReference; fileEncoding = 4; lastKnownFileType = text; path = testinput.txt; sourceTree = "<group>"; };
		013B67A01E0150FE000D9D7F /* aoc-day14 */ = {isa = PBXFileReference; explicitFileType = "compiled.mach-o.executable"; includeInIndex = 0; path = "aoc-day14"; sourceTree = BUILT_PRODUCTS_DIR; };
		013B67A21E0150FE000D9D7F /* main.swift */ = {isa = PBXFileReference; lastKnownFileType = sourcecode.swift; path = main.swift; sourceTree = "<group>"; };
		013B67A71E015137000D9D7F /* DataExtensions.swift */ = {isa = PBXFileReference; fileEncoding = 4; lastKnownFileType = sourcecode.swift; path = DataExtensions.swift; sourceTree = "<group>"; };
		013B67AC1E01519F000D9D7F /* Bridging-Header.h */ = {isa = PBXFileReference; lastKnownFileType = sourcecode.c.h; path = "Bridging-Header.h"; sourceTree = "<group>"; };
		0151E8001DF75D8C000B27E1 /* StringExtensions.swift */ = {isa = PBXFileReference; fileEncoding = 4; lastKnownFileType = sourcecode.swift; path = StringExtensions.swift; sourceTree = "<group>"; };
		0151E8061DF75EBF000B27E1 /* aoc-day2 */ = {isa = PBXFileReference; explicitFileType = "compiled.mach-o.executable"; includeInIndex = 0; path = "aoc-day2"; sourceTree = BUILT_PRODUCTS_DIR; };
		0151E8081DF75EC0000B27E1 /* main.swift */ = {isa = PBXFileReference; lastKnownFileType = sourcecode.swift; path = main.swift; sourceTree = "<group>"; };
		0151E8111DF75ECB000B27E1 /* aoc-day3 */ = {isa = PBXFileReference; explicitFileType = "compiled.mach-o.executable"; includeInIndex = 0; path = "aoc-day3"; sourceTree = BUILT_PRODUCTS_DIR; };
		0151E8131DF75ECB000B27E1 /* main.swift */ = {isa = PBXFileReference; lastKnownFileType = sourcecode.swift; path = main.swift; sourceTree = "<group>"; };
		0151E81C1DF75ED2000B27E1 /* aoc-day4 */ = {isa = PBXFileReference; explicitFileType = "compiled.mach-o.executable"; includeInIndex = 0; path = "aoc-day4"; sourceTree = BUILT_PRODUCTS_DIR; };
		0151E81E1DF75ED2000B27E1 /* main.swift */ = {isa = PBXFileReference; lastKnownFileType = sourcecode.swift; path = main.swift; sourceTree = "<group>"; };
		0151E8231DF75F10000B27E1 /* input.txt */ = {isa = PBXFileReference; fileEncoding = 4; lastKnownFileType = text; path = input.txt; sourceTree = "<group>"; };
		0151E8241DF75F1C000B27E1 /* input.txt */ = {isa = PBXFileReference; lastKnownFileType = text; path = input.txt; sourceTree = "<group>"; };
		0151E8251DF75F23000B27E1 /* input.txt */ = {isa = PBXFileReference; lastKnownFileType = text; path = input.txt; sourceTree = "<group>"; };
		0151E8321DF7732F000B27E1 /* aoc-day7 */ = {isa = PBXFileReference; explicitFileType = "compiled.mach-o.executable"; includeInIndex = 0; path = "aoc-day7"; sourceTree = BUILT_PRODUCTS_DIR; };
		0151E8341DF7732F000B27E1 /* main.swift */ = {isa = PBXFileReference; lastKnownFileType = sourcecode.swift; path = main.swift; sourceTree = "<group>"; };
		0151E8391DF7FA53000B27E1 /* input.txt */ = {isa = PBXFileReference; lastKnownFileType = text; path = input.txt; sourceTree = "<group>"; };
		015BBBF61DF94BEE0021F642 /* aoc-day8 */ = {isa = PBXFileReference; explicitFileType = "compiled.mach-o.executable"; includeInIndex = 0; path = "aoc-day8"; sourceTree = BUILT_PRODUCTS_DIR; };
		015BBBF81DF94BEE0021F642 /* main.swift */ = {isa = PBXFileReference; lastKnownFileType = sourcecode.swift; path = main.swift; sourceTree = "<group>"; };
		015BBBFD1DF94C080021F642 /* input.txt */ = {isa = PBXFileReference; lastKnownFileType = text; path = input.txt; sourceTree = "<group>"; };
		015BBC031DFA9D380021F642 /* aoc-day9 */ = {isa = PBXFileReference; explicitFileType = "compiled.mach-o.executable"; includeInIndex = 0; path = "aoc-day9"; sourceTree = BUILT_PRODUCTS_DIR; };
		015BBC051DFA9D380021F642 /* main.swift */ = {isa = PBXFileReference; lastKnownFileType = sourcecode.swift; path = main.swift; sourceTree = "<group>"; };
		015BBC0A1DFA9D730021F642 /* input.txt */ = {isa = PBXFileReference; lastKnownFileType = text; path = input.txt; sourceTree = "<group>"; };
		01649D111DFE9D11008DDFB4 /* aoc-day12 */ = {isa = PBXFileReference; explicitFileType = "compiled.mach-o.executable"; includeInIndex = 0; path = "aoc-day12"; sourceTree = BUILT_PRODUCTS_DIR; };
		01649D131DFE9D11008DDFB4 /* main.swift */ = {isa = PBXFileReference; lastKnownFileType = sourcecode.swift; path = main.swift; sourceTree = "<group>"; };
		01649D181DFE9D3A008DDFB4 /* input.txt */ = {isa = PBXFileReference; fileEncoding = 4; lastKnownFileType = text; path = input.txt; sourceTree = "<group>"; };
		0172EF201E068A69005F05D9 /* aoc-day18 */ = {isa = PBXFileReference; explicitFileType = "compiled.mach-o.executable"; includeInIndex = 0; path = "aoc-day18"; sourceTree = BUILT_PRODUCTS_DIR; };
		0172EF221E068A69005F05D9 /* main.swift */ = {isa = PBXFileReference; lastKnownFileType = sourcecode.swift; path = main.swift; sourceTree = "<group>"; };
		017D48B01E08111600562037 /* aoc-day19 */ = {isa = PBXFileReference; explicitFileType = "compiled.mach-o.executable"; includeInIndex = 0; path = "aoc-day19"; sourceTree = BUILT_PRODUCTS_DIR; };
		017D48B21E08111600562037 /* main.swift */ = {isa = PBXFileReference; lastKnownFileType = sourcecode.swift; path = main.swift; sourceTree = "<group>"; };
		017D48BF1E09556E00562037 /* aoc-day20 */ = {isa = PBXFileReference; explicitFileType = "compiled.mach-o.executable"; includeInIndex = 0; path = "aoc-day20"; sourceTree = BUILT_PRODUCTS_DIR; };
		017D48C11E09556E00562037 /* main.swift */ = {isa = PBXFileReference; lastKnownFileType = sourcecode.swift; path = main.swift; sourceTree = "<group>"; };
		017D48C61E09559200562037 /* input.txt */ = {isa = PBXFileReference; fileEncoding = 4; lastKnownFileType = text; path = input.txt; sourceTree = "<group>"; };
		018641211E0B102A00900D2A /* aoc-day21 */ = {isa = PBXFileReference; explicitFileType = "compiled.mach-o.executable"; includeInIndex = 0; path = "aoc-day21"; sourceTree = BUILT_PRODUCTS_DIR; };
		018641231E0B102A00900D2A /* main.swift */ = {isa = PBXFileReference; lastKnownFileType = sourcecode.swift; path = main.swift; sourceTree = "<group>"; };
		018641281E0B106200900D2A /* input.txt */ = {isa = PBXFileReference; lastKnownFileType = text; path = input.txt; sourceTree = "<group>"; };
		01AE0EB41E002CC400777738 /* aoc-day13 */ = {isa = PBXFileReference; explicitFileType = "compiled.mach-o.executable"; includeInIndex = 0; path = "aoc-day13"; sourceTree = BUILT_PRODUCTS_DIR; };
		01AE0EB61E002CC400777738 /* main.swift */ = {isa = PBXFileReference; lastKnownFileType = sourcecode.swift; path = main.swift; sourceTree = "<group>"; };
		01AE0EBB1E00851000777738 /* Measure.swift */ = {isa = PBXFileReference; fileEncoding = 4; lastKnownFileType = sourcecode.swift; path = Measure.swift; sourceTree = "<group>"; };
		01D388F61E02B38B00E95B93 /* aoc-day15 */ = {isa = PBXFileReference; explicitFileType = "compiled.mach-o.executable"; includeInIndex = 0; path = "aoc-day15"; sourceTree = BUILT_PRODUCTS_DIR; };
		01D388F81E02B38B00E95B93 /* main.swift */ = {isa = PBXFileReference; lastKnownFileType = sourcecode.swift; path = main.swift; sourceTree = "<group>"; };
		01E3CE9C1E03D58C0076EF09 /* aoc-day16 */ = {isa = PBXFileReference; explicitFileType = "compiled.mach-o.executable"; includeInIndex = 0; path = "aoc-day16"; sourceTree = BUILT_PRODUCTS_DIR; };
		01E3CE9E1E03D58D0076EF09 /* main.swift */ = {isa = PBXFileReference; lastKnownFileType = sourcecode.swift; path = main.swift; sourceTree = "<group>"; };
		01E3CEBB1E0538110076EF09 /* aoc-day17 */ = {isa = PBXFileReference; explicitFileType = "compiled.mach-o.executable"; includeInIndex = 0; path = "aoc-day17"; sourceTree = BUILT_PRODUCTS_DIR; };
		01E3CEBD1E0538110076EF09 /* main.swift */ = {isa = PBXFileReference; lastKnownFileType = sourcecode.swift; path = main.swift; sourceTree = "<group>"; };
		01E3CEC41E057FB20076EF09 /* NSString+Hash.h */ = {isa = PBXFileReference; fileEncoding = 4; lastKnownFileType = sourcecode.c.h; path = "NSString+Hash.h"; sourceTree = "<group>"; };
		01E3CEC51E057FB20076EF09 /* NSString+Hash.m */ = {isa = PBXFileReference; fileEncoding = 4; lastKnownFileType = sourcecode.c.objc; path = "NSString+Hash.m"; sourceTree = "<group>"; };
/* End PBXFileReference section */

/* Begin PBXFrameworksBuildPhase section */
		01000BE31DFC514500DE46F0 /* Frameworks */ = {
			isa = PBXFrameworksBuildPhase;
			buildActionMask = 2147483647;
			files = (
			);
			runOnlyForDeploymentPostprocessing = 0;
		};
		01357B411DF5B0B30090EFDC /* Frameworks */ = {
			isa = PBXFrameworksBuildPhase;
			buildActionMask = 2147483647;
			files = (
			);
			runOnlyForDeploymentPostprocessing = 0;
		};
		01357B521DF617EB0090EFDC /* Frameworks */ = {
			isa = PBXFrameworksBuildPhase;
			buildActionMask = 2147483647;
			files = (
			);
			runOnlyForDeploymentPostprocessing = 0;
		};
		01357B6F1DF6A83B0090EFDC /* Frameworks */ = {
			isa = PBXFrameworksBuildPhase;
			buildActionMask = 2147483647;
			files = (
			);
			runOnlyForDeploymentPostprocessing = 0;
		};
		013B12F41E0BDDBF002DAD24 /* Frameworks */ = {
			isa = PBXFrameworksBuildPhase;
			buildActionMask = 2147483647;
			files = (
			);
			runOnlyForDeploymentPostprocessing = 0;
		};
		013B13021E0D357C002DAD24 /* Frameworks */ = {
			isa = PBXFrameworksBuildPhase;
			buildActionMask = 2147483647;
			files = (
			);
			runOnlyForDeploymentPostprocessing = 0;
		};
		013B679D1E0150FE000D9D7F /* Frameworks */ = {
			isa = PBXFrameworksBuildPhase;
			buildActionMask = 2147483647;
			files = (
			);
			runOnlyForDeploymentPostprocessing = 0;
		};
		0151E8031DF75EBF000B27E1 /* Frameworks */ = {
			isa = PBXFrameworksBuildPhase;
			buildActionMask = 2147483647;
			files = (
			);
			runOnlyForDeploymentPostprocessing = 0;
		};
		0151E80E1DF75ECB000B27E1 /* Frameworks */ = {
			isa = PBXFrameworksBuildPhase;
			buildActionMask = 2147483647;
			files = (
			);
			runOnlyForDeploymentPostprocessing = 0;
		};
		0151E8191DF75ED2000B27E1 /* Frameworks */ = {
			isa = PBXFrameworksBuildPhase;
			buildActionMask = 2147483647;
			files = (
			);
			runOnlyForDeploymentPostprocessing = 0;
		};
		0151E82F1DF7732F000B27E1 /* Frameworks */ = {
			isa = PBXFrameworksBuildPhase;
			buildActionMask = 2147483647;
			files = (
			);
			runOnlyForDeploymentPostprocessing = 0;
		};
		015BBBF31DF94BEE0021F642 /* Frameworks */ = {
			isa = PBXFrameworksBuildPhase;
			buildActionMask = 2147483647;
			files = (
			);
			runOnlyForDeploymentPostprocessing = 0;
		};
		015BBC001DFA9D380021F642 /* Frameworks */ = {
			isa = PBXFrameworksBuildPhase;
			buildActionMask = 2147483647;
			files = (
			);
			runOnlyForDeploymentPostprocessing = 0;
		};
		01649D0E1DFE9D11008DDFB4 /* Frameworks */ = {
			isa = PBXFrameworksBuildPhase;
			buildActionMask = 2147483647;
			files = (
			);
			runOnlyForDeploymentPostprocessing = 0;
		};
		0172EF1D1E068A69005F05D9 /* Frameworks */ = {
			isa = PBXFrameworksBuildPhase;
			buildActionMask = 2147483647;
			files = (
			);
			runOnlyForDeploymentPostprocessing = 0;
		};
		017D48AD1E08111600562037 /* Frameworks */ = {
			isa = PBXFrameworksBuildPhase;
			buildActionMask = 2147483647;
			files = (
			);
			runOnlyForDeploymentPostprocessing = 0;
		};
		017D48BC1E09556E00562037 /* Frameworks */ = {
			isa = PBXFrameworksBuildPhase;
			buildActionMask = 2147483647;
			files = (
			);
			runOnlyForDeploymentPostprocessing = 0;
		};
		0186411E1E0B102A00900D2A /* Frameworks */ = {
			isa = PBXFrameworksBuildPhase;
			buildActionMask = 2147483647;
			files = (
			);
			runOnlyForDeploymentPostprocessing = 0;
		};
		01AE0EB11E002CC400777738 /* Frameworks */ = {
			isa = PBXFrameworksBuildPhase;
			buildActionMask = 2147483647;
			files = (
			);
			runOnlyForDeploymentPostprocessing = 0;
		};
		01D388F31E02B38B00E95B93 /* Frameworks */ = {
			isa = PBXFrameworksBuildPhase;
			buildActionMask = 2147483647;
			files = (
			);
			runOnlyForDeploymentPostprocessing = 0;
		};
		01E3CE991E03D58C0076EF09 /* Frameworks */ = {
			isa = PBXFrameworksBuildPhase;
			buildActionMask = 2147483647;
			files = (
			);
			runOnlyForDeploymentPostprocessing = 0;
		};
		01E3CEB81E0538110076EF09 /* Frameworks */ = {
			isa = PBXFrameworksBuildPhase;
			buildActionMask = 2147483647;
			files = (
			);
			runOnlyForDeploymentPostprocessing = 0;
		};
/* End PBXFrameworksBuildPhase section */

/* Begin PBXGroup section */
		01000BE71DFC514500DE46F0 /* aoc-day10 */ = {
			isa = PBXGroup;
			children = (
				01000BEF1DFC519900DE46F0 /* testInput.txt */,
				01000BED1DFC515B00DE46F0 /* input.txt */,
				01000BE81DFC514500DE46F0 /* main.swift */,
			);
			path = "aoc-day10";
			sourceTree = "<group>";
		};
		01357B3B1DF5B0B30090EFDC = {
			isa = PBXGroup;
			children = (
				0151E7FF1DF75D67000B27E1 /* Generic */,
				01357B561DF617EB0090EFDC /* aoc-day1 */,
				0151E8071DF75EC0000B27E1 /* aoc-day2 */,
				0151E8121DF75ECB000B27E1 /* aoc-day3 */,
				0151E81D1DF75ED2000B27E1 /* aoc-day4 */,
				01357B461DF5B0B30090EFDC /* aoc-day5 */,
				01357B731DF6A83B0090EFDC /* aoc-day6 */,
				0151E8331DF7732F000B27E1 /* aoc-day7 */,
				015BBBF71DF94BEE0021F642 /* aoc-day8 */,
				015BBC041DFA9D380021F642 /* aoc-day9 */,
				01000BE71DFC514500DE46F0 /* aoc-day10 */,
				01649D121DFE9D11008DDFB4 /* aoc-day12 */,
				01AE0EB51E002CC400777738 /* aoc-day13 */,
				013B67A11E0150FE000D9D7F /* aoc-day14 */,
				01D388F71E02B38B00E95B93 /* aoc-day15 */,
				01E3CE9D1E03D58D0076EF09 /* aoc-day16 */,
				01E3CEBC1E0538110076EF09 /* aoc-day17 */,
				0172EF211E068A69005F05D9 /* aoc-day18 */,
				017D48B11E08111600562037 /* aoc-day19 */,
				017D48C01E09556E00562037 /* aoc-day20 */,
				018641221E0B102A00900D2A /* aoc-day21 */,
				013B12F81E0BDDBF002DAD24 /* aoc-day22 */,
				013B13061E0D357C002DAD24 /* aoc-day23 */,
				01357B451DF5B0B30090EFDC /* Products */,
			);
			sourceTree = "<group>";
		};
		01357B451DF5B0B30090EFDC /* Products */ = {
			isa = PBXGroup;
			children = (
				01357B441DF5B0B30090EFDC /* aoc-day5 */,
				01357B551DF617EB0090EFDC /* aoc-day1 */,
				01357B721DF6A83B0090EFDC /* aoc-day6 */,
				0151E8061DF75EBF000B27E1 /* aoc-day2 */,
				0151E8111DF75ECB000B27E1 /* aoc-day3 */,
				0151E81C1DF75ED2000B27E1 /* aoc-day4 */,
				0151E8321DF7732F000B27E1 /* aoc-day7 */,
				015BBBF61DF94BEE0021F642 /* aoc-day8 */,
				015BBC031DFA9D380021F642 /* aoc-day9 */,
				01000BE61DFC514500DE46F0 /* aoc-day10 */,
				01649D111DFE9D11008DDFB4 /* aoc-day12 */,
				01AE0EB41E002CC400777738 /* aoc-day13 */,
				013B67A01E0150FE000D9D7F /* aoc-day14 */,
				01D388F61E02B38B00E95B93 /* aoc-day15 */,
				01E3CE9C1E03D58C0076EF09 /* aoc-day16 */,
				01E3CEBB1E0538110076EF09 /* aoc-day17 */,
				0172EF201E068A69005F05D9 /* aoc-day18 */,
				017D48B01E08111600562037 /* aoc-day19 */,
				017D48BF1E09556E00562037 /* aoc-day20 */,
				018641211E0B102A00900D2A /* aoc-day21 */,
				013B12F71E0BDDBF002DAD24 /* aoc-day22 */,
				013B13051E0D357C002DAD24 /* aoc-day23 */,
			);
			name = Products;
			sourceTree = "<group>";
		};
		01357B461DF5B0B30090EFDC /* aoc-day5 */ = {
			isa = PBXGroup;
			children = (
				01357B471DF5B0B30090EFDC /* main.swift */,
			);
			path = "aoc-day5";
			sourceTree = "<group>";
		};
		01357B561DF617EB0090EFDC /* aoc-day1 */ = {
			isa = PBXGroup;
			children = (
				01357B6C1DF61EBF0090EFDC /* input.txt */,
				01357B571DF617EB0090EFDC /* main.swift */,
			);
			path = "aoc-day1";
			sourceTree = "<group>";
		};
		01357B731DF6A83B0090EFDC /* aoc-day6 */ = {
			isa = PBXGroup;
			children = (
				01357B791DF6A86B0090EFDC /* input.txt */,
				01357B741DF6A83B0090EFDC /* main.swift */,
			);
			path = "aoc-day6";
			sourceTree = "<group>";
		};
		013B12F81E0BDDBF002DAD24 /* aoc-day22 */ = {
			isa = PBXGroup;
			children = (
				013B12FE1E0BDDCE002DAD24 /* input.txt */,
				013B12F91E0BDDBF002DAD24 /* main.swift */,
			);
			path = "aoc-day22";
			sourceTree = "<group>";
		};
		013B13061E0D357C002DAD24 /* aoc-day23 */ = {
			isa = PBXGroup;
			children = (
				013B130C1E0D3593002DAD24 /* input.txt */,
				013B130F1E0D4651002DAD24 /* testinput.txt */,
				013B13071E0D357C002DAD24 /* main.swift */,
			);
			path = "aoc-day23";
			sourceTree = "<group>";
		};
		013B67A11E0150FE000D9D7F /* aoc-day14 */ = {
			isa = PBXGroup;
			children = (
				013B67A21E0150FE000D9D7F /* main.swift */,
			);
			path = "aoc-day14";
			sourceTree = "<group>";
		};
		0151E7FF1DF75D67000B27E1 /* Generic */ = {
			isa = PBXGroup;
			children = (
				013B67AC1E01519F000D9D7F /* Bridging-Header.h */,
				0151E8001DF75D8C000B27E1 /* StringExtensions.swift */,
				01AE0EBB1E00851000777738 /* Measure.swift */,
				013B67A71E015137000D9D7F /* DataExtensions.swift */,
				01E3CEC41E057FB20076EF09 /* NSString+Hash.h */,
				01E3CEC51E057FB20076EF09 /* NSString+Hash.m */,
			);
			path = Generic;
			sourceTree = "<group>";
		};
		0151E8071DF75EC0000B27E1 /* aoc-day2 */ = {
			isa = PBXGroup;
			children = (
				0151E8231DF75F10000B27E1 /* input.txt */,
				0151E8081DF75EC0000B27E1 /* main.swift */,
			);
			path = "aoc-day2";
			sourceTree = "<group>";
		};
		0151E8121DF75ECB000B27E1 /* aoc-day3 */ = {
			isa = PBXGroup;
			children = (
				0151E8241DF75F1C000B27E1 /* input.txt */,
				0151E8131DF75ECB000B27E1 /* main.swift */,
			);
			path = "aoc-day3";
			sourceTree = "<group>";
		};
		0151E81D1DF75ED2000B27E1 /* aoc-day4 */ = {
			isa = PBXGroup;
			children = (
				0151E8251DF75F23000B27E1 /* input.txt */,
				0151E81E1DF75ED2000B27E1 /* main.swift */,
			);
			path = "aoc-day4";
			sourceTree = "<group>";
		};
		0151E8331DF7732F000B27E1 /* aoc-day7 */ = {
			isa = PBXGroup;
			children = (
				0151E8391DF7FA53000B27E1 /* input.txt */,
				0151E8341DF7732F000B27E1 /* main.swift */,
			);
			path = "aoc-day7";
			sourceTree = "<group>";
		};
		015BBBF71DF94BEE0021F642 /* aoc-day8 */ = {
			isa = PBXGroup;
			children = (
				015BBBFD1DF94C080021F642 /* input.txt */,
				015BBBF81DF94BEE0021F642 /* main.swift */,
			);
			path = "aoc-day8";
			sourceTree = "<group>";
		};
		015BBC041DFA9D380021F642 /* aoc-day9 */ = {
			isa = PBXGroup;
			children = (
				015BBC0A1DFA9D730021F642 /* input.txt */,
				01000BE01DFB354600DE46F0 /* testInput.txt */,
				015BBC051DFA9D380021F642 /* main.swift */,
			);
			path = "aoc-day9";
			sourceTree = "<group>";
		};
		01649D121DFE9D11008DDFB4 /* aoc-day12 */ = {
			isa = PBXGroup;
			children = (
				01649D181DFE9D3A008DDFB4 /* input.txt */,
				01649D131DFE9D11008DDFB4 /* main.swift */,
			);
			path = "aoc-day12";
			sourceTree = "<group>";
		};
		0172EF211E068A69005F05D9 /* aoc-day18 */ = {
			isa = PBXGroup;
			children = (
				0172EF221E068A69005F05D9 /* main.swift */,
			);
			path = "aoc-day18";
			sourceTree = "<group>";
		};
		017D48B11E08111600562037 /* aoc-day19 */ = {
			isa = PBXGroup;
			children = (
				017D48B21E08111600562037 /* main.swift */,
			);
			path = "aoc-day19";
			sourceTree = "<group>";
		};
		017D48C01E09556E00562037 /* aoc-day20 */ = {
			isa = PBXGroup;
			children = (
				017D48C61E09559200562037 /* input.txt */,
				017D48C11E09556E00562037 /* main.swift */,
			);
			path = "aoc-day20";
			sourceTree = "<group>";
		};
		018641221E0B102A00900D2A /* aoc-day21 */ = {
			isa = PBXGroup;
			children = (
				018641281E0B106200900D2A /* input.txt */,
				018641231E0B102A00900D2A /* main.swift */,
			);
			path = "aoc-day21";
			sourceTree = "<group>";
		};
		01AE0EB51E002CC400777738 /* aoc-day13 */ = {
			isa = PBXGroup;
			children = (
				01AE0EB61E002CC400777738 /* main.swift */,
			);
			path = "aoc-day13";
			sourceTree = "<group>";
		};
		01D388F71E02B38B00E95B93 /* aoc-day15 */ = {
			isa = PBXGroup;
			children = (
				01D388F81E02B38B00E95B93 /* main.swift */,
			);
			path = "aoc-day15";
			sourceTree = "<group>";
		};
		01E3CE9D1E03D58D0076EF09 /* aoc-day16 */ = {
			isa = PBXGroup;
			children = (
				01E3CE9E1E03D58D0076EF09 /* main.swift */,
			);
			path = "aoc-day16";
			sourceTree = "<group>";
		};
		01E3CEBC1E0538110076EF09 /* aoc-day17 */ = {
			isa = PBXGroup;
			children = (
				01E3CEBD1E0538110076EF09 /* main.swift */,
			);
			path = "aoc-day17";
			sourceTree = "<group>";
		};
/* End PBXGroup section */

/* Begin PBXNativeTarget section */
		01000BE51DFC514500DE46F0 /* aoc-day10 */ = {
			isa = PBXNativeTarget;
			buildConfigurationList = 01000BEA1DFC514500DE46F0 /* Build configuration list for PBXNativeTarget "aoc-day10" */;
			buildPhases = (
				01000BE21DFC514500DE46F0 /* Sources */,
				01000BE31DFC514500DE46F0 /* Frameworks */,
				01000BE41DFC514500DE46F0 /* CopyFiles */,
			);
			buildRules = (
			);
			dependencies = (
			);
			name = "aoc-day10";
			productName = "aoc-day10";
			productReference = 01000BE61DFC514500DE46F0 /* aoc-day10 */;
			productType = "com.apple.product-type.tool";
		};
		01357B431DF5B0B30090EFDC /* aoc-day5 */ = {
			isa = PBXNativeTarget;
			buildConfigurationList = 01357B4B1DF5B0B30090EFDC /* Build configuration list for PBXNativeTarget "aoc-day5" */;
			buildPhases = (
				01357B401DF5B0B30090EFDC /* Sources */,
				01357B411DF5B0B30090EFDC /* Frameworks */,
				01357B421DF5B0B30090EFDC /* CopyFiles */,
			);
			buildRules = (
			);
			dependencies = (
			);
			name = "aoc-day5";
			productName = AdventOfCode2016;
			productReference = 01357B441DF5B0B30090EFDC /* aoc-day5 */;
			productType = "com.apple.product-type.tool";
		};
		01357B541DF617EB0090EFDC /* aoc-day1 */ = {
			isa = PBXNativeTarget;
			buildConfigurationList = 01357B591DF617EB0090EFDC /* Build configuration list for PBXNativeTarget "aoc-day1" */;
			buildPhases = (
				01357B511DF617EB0090EFDC /* Sources */,
				01357B521DF617EB0090EFDC /* Frameworks */,
				01357B531DF617EB0090EFDC /* CopyFiles */,
			);
			buildRules = (
			);
			dependencies = (
			);
			name = "aoc-day1";
			productName = "aoc-day1";
			productReference = 01357B551DF617EB0090EFDC /* aoc-day1 */;
			productType = "com.apple.product-type.tool";
		};
		01357B711DF6A83B0090EFDC /* aoc-day6 */ = {
			isa = PBXNativeTarget;
			buildConfigurationList = 01357B761DF6A83B0090EFDC /* Build configuration list for PBXNativeTarget "aoc-day6" */;
			buildPhases = (
				01357B6E1DF6A83B0090EFDC /* Sources */,
				01357B6F1DF6A83B0090EFDC /* Frameworks */,
				01357B701DF6A83B0090EFDC /* CopyFiles */,
			);
			buildRules = (
			);
			dependencies = (
			);
			name = "aoc-day6";
			productName = "aoc-day6";
			productReference = 01357B721DF6A83B0090EFDC /* aoc-day6 */;
			productType = "com.apple.product-type.tool";
		};
		013B12F61E0BDDBF002DAD24 /* aoc-day22 */ = {
			isa = PBXNativeTarget;
			buildConfigurationList = 013B12FD1E0BDDBF002DAD24 /* Build configuration list for PBXNativeTarget "aoc-day22" */;
			buildPhases = (
				013B12F31E0BDDBF002DAD24 /* Sources */,
				013B12F41E0BDDBF002DAD24 /* Frameworks */,
				013B12F51E0BDDBF002DAD24 /* CopyFiles */,
			);
			buildRules = (
			);
			dependencies = (
			);
			name = "aoc-day22";
			productName = "aoc-day22";
			productReference = 013B12F71E0BDDBF002DAD24 /* aoc-day22 */;
			productType = "com.apple.product-type.tool";
		};
		013B13041E0D357C002DAD24 /* aoc-day23 */ = {
			isa = PBXNativeTarget;
			buildConfigurationList = 013B13091E0D357C002DAD24 /* Build configuration list for PBXNativeTarget "aoc-day23" */;
			buildPhases = (
				013B13011E0D357C002DAD24 /* Sources */,
				013B13021E0D357C002DAD24 /* Frameworks */,
				013B13031E0D357C002DAD24 /* CopyFiles */,
			);
			buildRules = (
			);
			dependencies = (
			);
			name = "aoc-day23";
			productName = "aoc-day23";
			productReference = 013B13051E0D357C002DAD24 /* aoc-day23 */;
			productType = "com.apple.product-type.tool";
		};
		013B679F1E0150FE000D9D7F /* aoc-day14 */ = {
			isa = PBXNativeTarget;
			buildConfigurationList = 013B67A61E0150FE000D9D7F /* Build configuration list for PBXNativeTarget "aoc-day14" */;
			buildPhases = (
				013B679C1E0150FE000D9D7F /* Sources */,
				013B679D1E0150FE000D9D7F /* Frameworks */,
				013B679E1E0150FE000D9D7F /* CopyFiles */,
			);
			buildRules = (
			);
			dependencies = (
			);
			name = "aoc-day14";
			productName = "aoc-day14";
			productReference = 013B67A01E0150FE000D9D7F /* aoc-day14 */;
			productType = "com.apple.product-type.tool";
		};
		0151E8051DF75EBF000B27E1 /* aoc-day2 */ = {
			isa = PBXNativeTarget;
			buildConfigurationList = 0151E80A1DF75EC0000B27E1 /* Build configuration list for PBXNativeTarget "aoc-day2" */;
			buildPhases = (
				0151E8021DF75EBF000B27E1 /* Sources */,
				0151E8031DF75EBF000B27E1 /* Frameworks */,
				0151E8041DF75EBF000B27E1 /* CopyFiles */,
			);
			buildRules = (
			);
			dependencies = (
			);
			name = "aoc-day2";
			productName = "aoc-day2";
			productReference = 0151E8061DF75EBF000B27E1 /* aoc-day2 */;
			productType = "com.apple.product-type.tool";
		};
		0151E8101DF75ECB000B27E1 /* aoc-day3 */ = {
			isa = PBXNativeTarget;
			buildConfigurationList = 0151E8151DF75ECB000B27E1 /* Build configuration list for PBXNativeTarget "aoc-day3" */;
			buildPhases = (
				0151E80D1DF75ECB000B27E1 /* Sources */,
				0151E80E1DF75ECB000B27E1 /* Frameworks */,
				0151E80F1DF75ECB000B27E1 /* CopyFiles */,
			);
			buildRules = (
			);
			dependencies = (
			);
			name = "aoc-day3";
			productName = "aoc-day3";
			productReference = 0151E8111DF75ECB000B27E1 /* aoc-day3 */;
			productType = "com.apple.product-type.tool";
		};
		0151E81B1DF75ED2000B27E1 /* aoc-day4 */ = {
			isa = PBXNativeTarget;
			buildConfigurationList = 0151E8201DF75ED2000B27E1 /* Build configuration list for PBXNativeTarget "aoc-day4" */;
			buildPhases = (
				0151E8181DF75ED2000B27E1 /* Sources */,
				0151E8191DF75ED2000B27E1 /* Frameworks */,
				0151E81A1DF75ED2000B27E1 /* CopyFiles */,
			);
			buildRules = (
			);
			dependencies = (
			);
			name = "aoc-day4";
			productName = "aoc-day4";
			productReference = 0151E81C1DF75ED2000B27E1 /* aoc-day4 */;
			productType = "com.apple.product-type.tool";
		};
		0151E8311DF7732F000B27E1 /* aoc-day7 */ = {
			isa = PBXNativeTarget;
			buildConfigurationList = 0151E8361DF7732F000B27E1 /* Build configuration list for PBXNativeTarget "aoc-day7" */;
			buildPhases = (
				0151E82E1DF7732F000B27E1 /* Sources */,
				0151E82F1DF7732F000B27E1 /* Frameworks */,
				0151E8301DF7732F000B27E1 /* CopyFiles */,
			);
			buildRules = (
			);
			dependencies = (
			);
			name = "aoc-day7";
			productName = "aoc-day7";
			productReference = 0151E8321DF7732F000B27E1 /* aoc-day7 */;
			productType = "com.apple.product-type.tool";
		};
		015BBBF51DF94BEE0021F642 /* aoc-day8 */ = {
			isa = PBXNativeTarget;
			buildConfigurationList = 015BBBFC1DF94BEE0021F642 /* Build configuration list for PBXNativeTarget "aoc-day8" */;
			buildPhases = (
				015BBBF21DF94BEE0021F642 /* Sources */,
				015BBBF31DF94BEE0021F642 /* Frameworks */,
				015BBBF41DF94BEE0021F642 /* CopyFiles */,
			);
			buildRules = (
			);
			dependencies = (
			);
			name = "aoc-day8";
			productName = "aoc-day8";
			productReference = 015BBBF61DF94BEE0021F642 /* aoc-day8 */;
			productType = "com.apple.product-type.tool";
		};
		015BBC021DFA9D380021F642 /* aoc-day9 */ = {
			isa = PBXNativeTarget;
			buildConfigurationList = 015BBC071DFA9D380021F642 /* Build configuration list for PBXNativeTarget "aoc-day9" */;
			buildPhases = (
				015BBBFF1DFA9D380021F642 /* Sources */,
				015BBC001DFA9D380021F642 /* Frameworks */,
				015BBC011DFA9D380021F642 /* CopyFiles */,
			);
			buildRules = (
			);
			dependencies = (
			);
			name = "aoc-day9";
			productName = "aoc-day9";
			productReference = 015BBC031DFA9D380021F642 /* aoc-day9 */;
			productType = "com.apple.product-type.tool";
		};
		01649D101DFE9D11008DDFB4 /* aoc-day12 */ = {
			isa = PBXNativeTarget;
			buildConfigurationList = 01649D171DFE9D11008DDFB4 /* Build configuration list for PBXNativeTarget "aoc-day12" */;
			buildPhases = (
				01649D0D1DFE9D11008DDFB4 /* Sources */,
				01649D0E1DFE9D11008DDFB4 /* Frameworks */,
				01649D0F1DFE9D11008DDFB4 /* CopyFiles */,
			);
			buildRules = (
			);
			dependencies = (
			);
			name = "aoc-day12";
			productName = "aoc-day12";
			productReference = 01649D111DFE9D11008DDFB4 /* aoc-day12 */;
			productType = "com.apple.product-type.tool";
		};
		0172EF1F1E068A69005F05D9 /* aoc-day18 */ = {
			isa = PBXNativeTarget;
			buildConfigurationList = 0172EF261E068A69005F05D9 /* Build configuration list for PBXNativeTarget "aoc-day18" */;
			buildPhases = (
				0172EF1C1E068A69005F05D9 /* Sources */,
				0172EF1D1E068A69005F05D9 /* Frameworks */,
				0172EF1E1E068A69005F05D9 /* CopyFiles */,
			);
			buildRules = (
			);
			dependencies = (
			);
			name = "aoc-day18";
			productName = "aoc-day18";
			productReference = 0172EF201E068A69005F05D9 /* aoc-day18 */;
			productType = "com.apple.product-type.tool";
		};
		017D48AF1E08111600562037 /* aoc-day19 */ = {
			isa = PBXNativeTarget;
			buildConfigurationList = 017D48B61E08111600562037 /* Build configuration list for PBXNativeTarget "aoc-day19" */;
			buildPhases = (
				017D48AC1E08111600562037 /* Sources */,
				017D48AD1E08111600562037 /* Frameworks */,
				017D48AE1E08111600562037 /* CopyFiles */,
			);
			buildRules = (
			);
			dependencies = (
			);
			name = "aoc-day19";
			productName = "aoc-day19";
			productReference = 017D48B01E08111600562037 /* aoc-day19 */;
			productType = "com.apple.product-type.tool";
		};
		017D48BE1E09556E00562037 /* aoc-day20 */ = {
			isa = PBXNativeTarget;
			buildConfigurationList = 017D48C31E09556E00562037 /* Build configuration list for PBXNativeTarget "aoc-day20" */;
			buildPhases = (
				017D48BB1E09556E00562037 /* Sources */,
				017D48BC1E09556E00562037 /* Frameworks */,
				017D48BD1E09556E00562037 /* CopyFiles */,
			);
			buildRules = (
			);
			dependencies = (
			);
			name = "aoc-day20";
			productName = "aoc-day20";
			productReference = 017D48BF1E09556E00562037 /* aoc-day20 */;
			productType = "com.apple.product-type.tool";
		};
		018641201E0B102A00900D2A /* aoc-day21 */ = {
			isa = PBXNativeTarget;
			buildConfigurationList = 018641271E0B102A00900D2A /* Build configuration list for PBXNativeTarget "aoc-day21" */;
			buildPhases = (
				0186411D1E0B102A00900D2A /* Sources */,
				0186411E1E0B102A00900D2A /* Frameworks */,
				0186411F1E0B102A00900D2A /* CopyFiles */,
			);
			buildRules = (
			);
			dependencies = (
			);
			name = "aoc-day21";
			productName = "aoc-day21";
			productReference = 018641211E0B102A00900D2A /* aoc-day21 */;
			productType = "com.apple.product-type.tool";
		};
		01AE0EB31E002CC400777738 /* aoc-day13 */ = {
			isa = PBXNativeTarget;
			buildConfigurationList = 01AE0EBA1E002CC400777738 /* Build configuration list for PBXNativeTarget "aoc-day13" */;
			buildPhases = (
				01AE0EB01E002CC400777738 /* Sources */,
				01AE0EB11E002CC400777738 /* Frameworks */,
				01AE0EB21E002CC400777738 /* CopyFiles */,
			);
			buildRules = (
			);
			dependencies = (
			);
			name = "aoc-day13";
			productName = "aoc-day13";
			productReference = 01AE0EB41E002CC400777738 /* aoc-day13 */;
			productType = "com.apple.product-type.tool";
		};
		01D388F51E02B38B00E95B93 /* aoc-day15 */ = {
			isa = PBXNativeTarget;
			buildConfigurationList = 01D388FA1E02B38B00E95B93 /* Build configuration list for PBXNativeTarget "aoc-day15" */;
			buildPhases = (
				01D388F21E02B38B00E95B93 /* Sources */,
				01D388F31E02B38B00E95B93 /* Frameworks */,
				01D388F41E02B38B00E95B93 /* CopyFiles */,
			);
			buildRules = (
			);
			dependencies = (
			);
			name = "aoc-day15";
			productName = "aoc-day15";
			productReference = 01D388F61E02B38B00E95B93 /* aoc-day15 */;
			productType = "com.apple.product-type.tool";
		};
		01E3CE9B1E03D58C0076EF09 /* aoc-day16 */ = {
			isa = PBXNativeTarget;
			buildConfigurationList = 01E3CEA21E03D58D0076EF09 /* Build configuration list for PBXNativeTarget "aoc-day16" */;
			buildPhases = (
				01E3CE981E03D58C0076EF09 /* Sources */,
				01E3CE991E03D58C0076EF09 /* Frameworks */,
				01E3CE9A1E03D58C0076EF09 /* CopyFiles */,
			);
			buildRules = (
			);
			dependencies = (
			);
			name = "aoc-day16";
			productName = "aoc-day16";
			productReference = 01E3CE9C1E03D58C0076EF09 /* aoc-day16 */;
			productType = "com.apple.product-type.tool";
		};
		01E3CEBA1E0538110076EF09 /* aoc-day17 */ = {
			isa = PBXNativeTarget;
			buildConfigurationList = 01E3CEC11E0538110076EF09 /* Build configuration list for PBXNativeTarget "aoc-day17" */;
			buildPhases = (
				01E3CEB71E0538110076EF09 /* Sources */,
				01E3CEB81E0538110076EF09 /* Frameworks */,
				01E3CEB91E0538110076EF09 /* CopyFiles */,
			);
			buildRules = (
			);
			dependencies = (
			);
			name = "aoc-day17";
			productName = "aoc-day17";
			productReference = 01E3CEBB1E0538110076EF09 /* aoc-day17 */;
			productType = "com.apple.product-type.tool";
		};
/* End PBXNativeTarget section */

/* Begin PBXProject section */
		01357B3C1DF5B0B30090EFDC /* Project object */ = {
			isa = PBXProject;
			attributes = {
				LastSwiftUpdateCheck = 0820;
				LastUpgradeCheck = 0820;
				ORGANIZATIONNAME = Awesomation;
				TargetAttributes = {
					01000BE51DFC514500DE46F0 = {
						CreatedOnToolsVersion = 8.1;
						DevelopmentTeam = LU4EN4MKCR;
						ProvisioningStyle = Automatic;
					};
					01357B431DF5B0B30090EFDC = {
						CreatedOnToolsVersion = 8.1;
						DevelopmentTeam = LU4EN4MKCR;
						LastSwiftMigration = 0810;
						ProvisioningStyle = Automatic;
					};
					01357B541DF617EB0090EFDC = {
						CreatedOnToolsVersion = 8.1;
						DevelopmentTeam = LU4EN4MKCR;
						ProvisioningStyle = Automatic;
					};
					01357B711DF6A83B0090EFDC = {
						CreatedOnToolsVersion = 8.1;
						DevelopmentTeam = LU4EN4MKCR;
						ProvisioningStyle = Automatic;
					};
					013B12F61E0BDDBF002DAD24 = {
						CreatedOnToolsVersion = 8.2.1;
						DevelopmentTeam = LU4EN4MKCR;
						ProvisioningStyle = Automatic;
					};
					013B13041E0D357C002DAD24 = {
						CreatedOnToolsVersion = 8.2.1;
						DevelopmentTeam = LU4EN4MKCR;
						ProvisioningStyle = Automatic;
					};
					013B679F1E0150FE000D9D7F = {
						CreatedOnToolsVersion = 8.2;
						DevelopmentTeam = LU4EN4MKCR;
						ProvisioningStyle = Automatic;
					};
					0151E8051DF75EBF000B27E1 = {
						CreatedOnToolsVersion = 8.1;
						DevelopmentTeam = LU4EN4MKCR;
						ProvisioningStyle = Automatic;
					};
					0151E8101DF75ECB000B27E1 = {
						CreatedOnToolsVersion = 8.1;
						DevelopmentTeam = LU4EN4MKCR;
						ProvisioningStyle = Automatic;
					};
					0151E81B1DF75ED2000B27E1 = {
						CreatedOnToolsVersion = 8.1;
						DevelopmentTeam = LU4EN4MKCR;
						ProvisioningStyle = Automatic;
					};
					0151E8311DF7732F000B27E1 = {
						CreatedOnToolsVersion = 8.1;
						DevelopmentTeam = LU4EN4MKCR;
						ProvisioningStyle = Automatic;
					};
					015BBBF51DF94BEE0021F642 = {
						CreatedOnToolsVersion = 8.1;
						DevelopmentTeam = LU4EN4MKCR;
						ProvisioningStyle = Automatic;
					};
					015BBC021DFA9D380021F642 = {
						CreatedOnToolsVersion = 8.1;
						DevelopmentTeam = LU4EN4MKCR;
						ProvisioningStyle = Automatic;
					};
					01649D101DFE9D11008DDFB4 = {
						CreatedOnToolsVersion = 8.1;
						DevelopmentTeam = LU4EN4MKCR;
						ProvisioningStyle = Automatic;
					};
					0172EF1F1E068A69005F05D9 = {
						CreatedOnToolsVersion = 8.2;
						DevelopmentTeam = LU4EN4MKCR;
						ProvisioningStyle = Automatic;
					};
					017D48AF1E08111600562037 = {
						CreatedOnToolsVersion = 8.2;
						DevelopmentTeam = LU4EN4MKCR;
						ProvisioningStyle = Automatic;
					};
					017D48BE1E09556E00562037 = {
						CreatedOnToolsVersion = 8.2;
						DevelopmentTeam = LU4EN4MKCR;
						ProvisioningStyle = Automatic;
					};
					018641201E0B102A00900D2A = {
						CreatedOnToolsVersion = 8.2.1;
						DevelopmentTeam = LU4EN4MKCR;
						ProvisioningStyle = Automatic;
					};
					01AE0EB31E002CC400777738 = {
						CreatedOnToolsVersion = 8.2;
						DevelopmentTeam = LU4EN4MKCR;
						ProvisioningStyle = Automatic;
					};
					01D388F51E02B38B00E95B93 = {
						CreatedOnToolsVersion = 8.2;
						DevelopmentTeam = LU4EN4MKCR;
						ProvisioningStyle = Automatic;
					};
					01E3CE9B1E03D58C0076EF09 = {
						CreatedOnToolsVersion = 8.2;
						DevelopmentTeam = LU4EN4MKCR;
						ProvisioningStyle = Automatic;
					};
					01E3CEBA1E0538110076EF09 = {
						CreatedOnToolsVersion = 8.2;
						DevelopmentTeam = LU4EN4MKCR;
						LastSwiftMigration = 0820;
						ProvisioningStyle = Automatic;
					};
				};
			};
			buildConfigurationList = 01357B3F1DF5B0B30090EFDC /* Build configuration list for PBXProject "AdventOfCode2016" */;
			compatibilityVersion = "Xcode 3.2";
			developmentRegion = English;
			hasScannedForEncodings = 0;
			knownRegions = (
				en,
			);
			mainGroup = 01357B3B1DF5B0B30090EFDC;
			productRefGroup = 01357B451DF5B0B30090EFDC /* Products */;
			projectDirPath = "";
			projectRoot = "";
			targets = (
				01357B541DF617EB0090EFDC /* aoc-day1 */,
				0151E8051DF75EBF000B27E1 /* aoc-day2 */,
				0151E8101DF75ECB000B27E1 /* aoc-day3 */,
				0151E81B1DF75ED2000B27E1 /* aoc-day4 */,
				01357B431DF5B0B30090EFDC /* aoc-day5 */,
				01357B711DF6A83B0090EFDC /* aoc-day6 */,
				0151E8311DF7732F000B27E1 /* aoc-day7 */,
				015BBBF51DF94BEE0021F642 /* aoc-day8 */,
				015BBC021DFA9D380021F642 /* aoc-day9 */,
				01000BE51DFC514500DE46F0 /* aoc-day10 */,
				01649D101DFE9D11008DDFB4 /* aoc-day12 */,
				01AE0EB31E002CC400777738 /* aoc-day13 */,
				013B679F1E0150FE000D9D7F /* aoc-day14 */,
				01D388F51E02B38B00E95B93 /* aoc-day15 */,
				01E3CE9B1E03D58C0076EF09 /* aoc-day16 */,
				01E3CEBA1E0538110076EF09 /* aoc-day17 */,
				0172EF1F1E068A69005F05D9 /* aoc-day18 */,
				017D48AF1E08111600562037 /* aoc-day19 */,
				017D48BE1E09556E00562037 /* aoc-day20 */,
				018641201E0B102A00900D2A /* aoc-day21 */,
				013B12F61E0BDDBF002DAD24 /* aoc-day22 */,
				013B13041E0D357C002DAD24 /* aoc-day23 */,
			);
		};
/* End PBXProject section */

/* Begin PBXSourcesBuildPhase section */
		01000BE21DFC514500DE46F0 /* Sources */ = {
			isa = PBXSourcesBuildPhase;
			buildActionMask = 2147483647;
			files = (
				01000BF11DFC95A700DE46F0 /* StringExtensions.swift in Sources */,
				01000BE91DFC514500DE46F0 /* main.swift in Sources */,
			);
			runOnlyForDeploymentPostprocessing = 0;
		};
		01357B401DF5B0B30090EFDC /* Sources */ = {
			isa = PBXSourcesBuildPhase;
			buildActionMask = 2147483647;
			files = (
				0151E82A1DF7606C000B27E1 /* StringExtensions.swift in Sources */,
				01357B481DF5B0B30090EFDC /* main.swift in Sources */,
				013B67A91E015168000D9D7F /* DataExtensions.swift in Sources */,
			);
			runOnlyForDeploymentPostprocessing = 0;
		};
		01357B511DF617EB0090EFDC /* Sources */ = {
			isa = PBXSourcesBuildPhase;
			buildActionMask = 2147483647;
			files = (
				0151E82D1DF7606F000B27E1 /* StringExtensions.swift in Sources */,
				01357B581DF617EB0090EFDC /* main.swift in Sources */,
			);
			runOnlyForDeploymentPostprocessing = 0;
		};
		01357B6E1DF6A83B0090EFDC /* Sources */ = {
			isa = PBXSourcesBuildPhase;
			buildActionMask = 2147483647;
			files = (
				0151E8011DF75D8C000B27E1 /* StringExtensions.swift in Sources */,
				01357B751DF6A83B0090EFDC /* main.swift in Sources */,
			);
			runOnlyForDeploymentPostprocessing = 0;
		};
		013B12F31E0BDDBF002DAD24 /* Sources */ = {
			isa = PBXSourcesBuildPhase;
			buildActionMask = 2147483647;
			files = (
				013B13001E0BE115002DAD24 /* StringExtensions.swift in Sources */,
				013B12FA1E0BDDBF002DAD24 /* main.swift in Sources */,
			);
			runOnlyForDeploymentPostprocessing = 0;
		};
		013B13011E0D357C002DAD24 /* Sources */ = {
			isa = PBXSourcesBuildPhase;
			buildActionMask = 2147483647;
			files = (
				013B130E1E0D41EE002DAD24 /* Measure.swift in Sources */,
				013B13081E0D357C002DAD24 /* main.swift in Sources */,
			);
			runOnlyForDeploymentPostprocessing = 0;
		};
		013B679C1E0150FE000D9D7F /* Sources */ = {
			isa = PBXSourcesBuildPhase;
			buildActionMask = 2147483647;
			files = (
				013B67AB1E01516E000D9D7F /* StringExtensions.swift in Sources */,
				013B67A31E0150FE000D9D7F /* main.swift in Sources */,
				013B67AD1E015815000D9D7F /* Measure.swift in Sources */,
				013B67AA1E01516B000D9D7F /* DataExtensions.swift in Sources */,
			);
			runOnlyForDeploymentPostprocessing = 0;
		};
		0151E8021DF75EBF000B27E1 /* Sources */ = {
			isa = PBXSourcesBuildPhase;
			buildActionMask = 2147483647;
			files = (
				0151E82C1DF7606E000B27E1 /* StringExtensions.swift in Sources */,
				0151E8091DF75EC0000B27E1 /* main.swift in Sources */,
			);
			runOnlyForDeploymentPostprocessing = 0;
		};
		0151E80D1DF75ECB000B27E1 /* Sources */ = {
			isa = PBXSourcesBuildPhase;
			buildActionMask = 2147483647;
			files = (
				0151E82B1DF7606D000B27E1 /* StringExtensions.swift in Sources */,
				0151E8141DF75ECB000B27E1 /* main.swift in Sources */,
			);
			runOnlyForDeploymentPostprocessing = 0;
		};
		0151E8181DF75ED2000B27E1 /* Sources */ = {
			isa = PBXSourcesBuildPhase;
			buildActionMask = 2147483647;
			files = (
				0151E8291DF76065000B27E1 /* StringExtensions.swift in Sources */,
				0151E81F1DF75ED2000B27E1 /* main.swift in Sources */,
			);
			runOnlyForDeploymentPostprocessing = 0;
		};
		0151E82E1DF7732F000B27E1 /* Sources */ = {
			isa = PBXSourcesBuildPhase;
			buildActionMask = 2147483647;
			files = (
				0151E83B1DF810AA000B27E1 /* StringExtensions.swift in Sources */,
				0151E8351DF7732F000B27E1 /* main.swift in Sources */,
			);
			runOnlyForDeploymentPostprocessing = 0;
		};
		015BBBF21DF94BEE0021F642 /* Sources */ = {
			isa = PBXSourcesBuildPhase;
			buildActionMask = 2147483647;
			files = (
				015BBBF91DF94BEE0021F642 /* main.swift in Sources */,
			);
			runOnlyForDeploymentPostprocessing = 0;
		};
		015BBBFF1DFA9D380021F642 /* Sources */ = {
			isa = PBXSourcesBuildPhase;
			buildActionMask = 2147483647;
			files = (
				015BBC061DFA9D380021F642 /* main.swift in Sources */,
			);
			runOnlyForDeploymentPostprocessing = 0;
		};
		01649D0D1DFE9D11008DDFB4 /* Sources */ = {
			isa = PBXSourcesBuildPhase;
			buildActionMask = 2147483647;
			files = (
				01649D141DFE9D11008DDFB4 /* main.swift in Sources */,
			);
			runOnlyForDeploymentPostprocessing = 0;
		};
		0172EF1C1E068A69005F05D9 /* Sources */ = {
			isa = PBXSourcesBuildPhase;
			buildActionMask = 2147483647;
			files = (
				0172EF231E068A69005F05D9 /* main.swift in Sources */,
				0172EF281E06A8A8005F05D9 /* Measure.swift in Sources */,
			);
			runOnlyForDeploymentPostprocessing = 0;
		};
		017D48AC1E08111600562037 /* Sources */ = {
			isa = PBXSourcesBuildPhase;
			buildActionMask = 2147483647;
			files = (
				017D48B71E08117E00562037 /* Measure.swift in Sources */,
				017D48B31E08111600562037 /* main.swift in Sources */,
			);
			runOnlyForDeploymentPostprocessing = 0;
		};
		017D48BB1E09556E00562037 /* Sources */ = {
			isa = PBXSourcesBuildPhase;
			buildActionMask = 2147483647;
			files = (
				01ED22F71E0980E200289BA8 /* Measure.swift in Sources */,
				017D48C21E09556E00562037 /* main.swift in Sources */,
			);
			runOnlyForDeploymentPostprocessing = 0;
		};
		0186411D1E0B102A00900D2A /* Sources */ = {
			isa = PBXSourcesBuildPhase;
			buildActionMask = 2147483647;
			files = (
				0186412A1E0B10FA00900D2A /* Measure.swift in Sources */,
				018641241E0B102A00900D2A /* main.swift in Sources */,
			);
			runOnlyForDeploymentPostprocessing = 0;
		};
		01AE0EB01E002CC400777738 /* Sources */ = {
			isa = PBXSourcesBuildPhase;
			buildActionMask = 2147483647;
			files = (
				01AE0EBC1E00851000777738 /* Measure.swift in Sources */,
				01AE0EB71E002CC400777738 /* main.swift in Sources */,
			);
			runOnlyForDeploymentPostprocessing = 0;
		};
		01D388F21E02B38B00E95B93 /* Sources */ = {
			isa = PBXSourcesBuildPhase;
			buildActionMask = 2147483647;
			files = (
				01D388F91E02B38B00E95B93 /* main.swift in Sources */,
			);
			runOnlyForDeploymentPostprocessing = 0;
		};
		01E3CE981E03D58C0076EF09 /* Sources */ = {
			isa = PBXSourcesBuildPhase;
			buildActionMask = 2147483647;
			files = (
				01E3CEA31E03E9130076EF09 /* Measure.swift in Sources */,
				01E3CE9F1E03D58D0076EF09 /* main.swift in Sources */,
			);
			runOnlyForDeploymentPostprocessing = 0;
		};
		01E3CEB71E0538110076EF09 /* Sources */ = {
			isa = PBXSourcesBuildPhase;
			buildActionMask = 2147483647;
			files = (
				01E3CEC21E053ADB0076EF09 /* StringExtensions.swift in Sources */,
				01E3CEC61E057FB20076EF09 /* NSString+Hash.m in Sources */,
				01E3CEBE1E0538110076EF09 /* main.swift in Sources */,
				01E3CEC31E053E850076EF09 /* Measure.swift in Sources */,
			);
			runOnlyForDeploymentPostprocessing = 0;
		};
/* End PBXSourcesBuildPhase section */

/* Begin XCBuildConfiguration section */
		01000BEB1DFC514500DE46F0 /* Debug */ = {
			isa = XCBuildConfiguration;
			buildSettings = {
				DEVELOPMENT_TEAM = LU4EN4MKCR;
				PRODUCT_NAME = "$(TARGET_NAME)";
				SWIFT_VERSION = 3.0;
			};
			name = Debug;
		};
		01000BEC1DFC514500DE46F0 /* Release */ = {
			isa = XCBuildConfiguration;
			buildSettings = {
				DEVELOPMENT_TEAM = LU4EN4MKCR;
				PRODUCT_NAME = "$(TARGET_NAME)";
				SWIFT_VERSION = 3.0;
			};
			name = Release;
		};
		01357B491DF5B0B30090EFDC /* Debug */ = {
			isa = XCBuildConfiguration;
			buildSettings = {
				ALWAYS_SEARCH_USER_PATHS = NO;
				CLANG_ANALYZER_NONNULL = YES;
				CLANG_CXX_LANGUAGE_STANDARD = "gnu++0x";
				CLANG_CXX_LIBRARY = "libc++";
				CLANG_ENABLE_MODULES = YES;
				CLANG_ENABLE_OBJC_ARC = YES;
				CLANG_WARN_BOOL_CONVERSION = YES;
				CLANG_WARN_CONSTANT_CONVERSION = YES;
				CLANG_WARN_DIRECT_OBJC_ISA_USAGE = YES_ERROR;
				CLANG_WARN_DOCUMENTATION_COMMENTS = YES;
				CLANG_WARN_EMPTY_BODY = YES;
				CLANG_WARN_ENUM_CONVERSION = YES;
				CLANG_WARN_INFINITE_RECURSION = YES;
				CLANG_WARN_INT_CONVERSION = YES;
				CLANG_WARN_OBJC_ROOT_CLASS = YES_ERROR;
				CLANG_WARN_SUSPICIOUS_MOVE = YES;
				CLANG_WARN_SUSPICIOUS_MOVES = YES;
				CLANG_WARN_UNREACHABLE_CODE = YES;
				CLANG_WARN__DUPLICATE_METHOD_MATCH = YES;
				CODE_SIGN_IDENTITY = "-";
				COPY_PHASE_STRIP = NO;
				DEBUG_INFORMATION_FORMAT = dwarf;
				ENABLE_STRICT_OBJC_MSGSEND = YES;
				ENABLE_TESTABILITY = YES;
				GCC_C_LANGUAGE_STANDARD = gnu99;
				GCC_DYNAMIC_NO_PIC = NO;
				GCC_NO_COMMON_BLOCKS = YES;
				GCC_OPTIMIZATION_LEVEL = 0;
				GCC_PREPROCESSOR_DEFINITIONS = (
					"DEBUG=1",
					"$(inherited)",
				);
				GCC_WARN_64_TO_32_BIT_CONVERSION = YES;
				GCC_WARN_ABOUT_RETURN_TYPE = YES_ERROR;
				GCC_WARN_UNDECLARED_SELECTOR = YES;
				GCC_WARN_UNINITIALIZED_AUTOS = YES_AGGRESSIVE;
				GCC_WARN_UNUSED_FUNCTION = YES;
				GCC_WARN_UNUSED_VARIABLE = YES;
				MACOSX_DEPLOYMENT_TARGET = 10.12;
				MTL_ENABLE_DEBUG_INFO = YES;
				ONLY_ACTIVE_ARCH = YES;
				SDKROOT = macosx;
				SWIFT_OBJC_BRIDGING_HEADER = "Generic/Bridging-Header.h";
				SWIFT_OPTIMIZATION_LEVEL = "-Onone";
			};
			name = Debug;
		};
		01357B4A1DF5B0B30090EFDC /* Release */ = {
			isa = XCBuildConfiguration;
			buildSettings = {
				ALWAYS_SEARCH_USER_PATHS = NO;
				CLANG_ANALYZER_NONNULL = YES;
				CLANG_CXX_LANGUAGE_STANDARD = "gnu++0x";
				CLANG_CXX_LIBRARY = "libc++";
				CLANG_ENABLE_MODULES = YES;
				CLANG_ENABLE_OBJC_ARC = YES;
				CLANG_WARN_BOOL_CONVERSION = YES;
				CLANG_WARN_CONSTANT_CONVERSION = YES;
				CLANG_WARN_DIRECT_OBJC_ISA_USAGE = YES_ERROR;
				CLANG_WARN_DOCUMENTATION_COMMENTS = YES;
				CLANG_WARN_EMPTY_BODY = YES;
				CLANG_WARN_ENUM_CONVERSION = YES;
				CLANG_WARN_INFINITE_RECURSION = YES;
				CLANG_WARN_INT_CONVERSION = YES;
				CLANG_WARN_OBJC_ROOT_CLASS = YES_ERROR;
				CLANG_WARN_SUSPICIOUS_MOVE = YES;
				CLANG_WARN_SUSPICIOUS_MOVES = YES;
				CLANG_WARN_UNREACHABLE_CODE = YES;
				CLANG_WARN__DUPLICATE_METHOD_MATCH = YES;
				CODE_SIGN_IDENTITY = "-";
				COPY_PHASE_STRIP = NO;
				DEBUG_INFORMATION_FORMAT = "dwarf-with-dsym";
				ENABLE_NS_ASSERTIONS = NO;
				ENABLE_STRICT_OBJC_MSGSEND = YES;
				GCC_C_LANGUAGE_STANDARD = gnu99;
				GCC_NO_COMMON_BLOCKS = YES;
				GCC_WARN_64_TO_32_BIT_CONVERSION = YES;
				GCC_WARN_ABOUT_RETURN_TYPE = YES_ERROR;
				GCC_WARN_UNDECLARED_SELECTOR = YES;
				GCC_WARN_UNINITIALIZED_AUTOS = YES_AGGRESSIVE;
				GCC_WARN_UNUSED_FUNCTION = YES;
				GCC_WARN_UNUSED_VARIABLE = YES;
				MACOSX_DEPLOYMENT_TARGET = 10.12;
				MTL_ENABLE_DEBUG_INFO = NO;
				SDKROOT = macosx;
				SWIFT_OBJC_BRIDGING_HEADER = "Generic/Bridging-Header.h";
				SWIFT_OPTIMIZATION_LEVEL = "-Owholemodule";
			};
			name = Release;
		};
		01357B4C1DF5B0B30090EFDC /* Debug */ = {
			isa = XCBuildConfiguration;
			buildSettings = {
				CLANG_ENABLE_MODULES = YES;
				DEVELOPMENT_TEAM = LU4EN4MKCR;
				LD_RUNPATH_SEARCH_PATHS = "$(inherited) @executable_path/../Frameworks @loader_path/../Frameworks";
				PRODUCT_NAME = "$(TARGET_NAME)";
				SWIFT_OPTIMIZATION_LEVEL = "-Onone";
				SWIFT_VERSION = 3.0;
			};
			name = Debug;
		};
		01357B4D1DF5B0B30090EFDC /* Release */ = {
			isa = XCBuildConfiguration;
			buildSettings = {
				CLANG_ENABLE_MODULES = YES;
				DEVELOPMENT_TEAM = LU4EN4MKCR;
				LD_RUNPATH_SEARCH_PATHS = "$(inherited) @executable_path/../Frameworks @loader_path/../Frameworks";
				PRODUCT_NAME = "$(TARGET_NAME)";
				SWIFT_VERSION = 3.0;
			};
			name = Release;
		};
		01357B5A1DF617EB0090EFDC /* Debug */ = {
			isa = XCBuildConfiguration;
			buildSettings = {
				DEVELOPMENT_TEAM = LU4EN4MKCR;
				PRODUCT_NAME = "$(TARGET_NAME)";
				SWIFT_VERSION = 3.0;
			};
			name = Debug;
		};
		01357B5B1DF617EB0090EFDC /* Release */ = {
			isa = XCBuildConfiguration;
			buildSettings = {
				DEVELOPMENT_TEAM = LU4EN4MKCR;
				PRODUCT_NAME = "$(TARGET_NAME)";
				SWIFT_VERSION = 3.0;
			};
			name = Release;
		};
		01357B771DF6A83B0090EFDC /* Debug */ = {
			isa = XCBuildConfiguration;
			buildSettings = {
				DEVELOPMENT_TEAM = LU4EN4MKCR;
				PRODUCT_NAME = "$(TARGET_NAME)";
				SWIFT_VERSION = 3.0;
			};
			name = Debug;
		};
		01357B781DF6A83B0090EFDC /* Release */ = {
			isa = XCBuildConfiguration;
			buildSettings = {
				DEVELOPMENT_TEAM = LU4EN4MKCR;
				PRODUCT_NAME = "$(TARGET_NAME)";
				SWIFT_VERSION = 3.0;
			};
			name = Release;
		};
		013B12FB1E0BDDBF002DAD24 /* Debug */ = {
			isa = XCBuildConfiguration;
			buildSettings = {
				DEVELOPMENT_TEAM = LU4EN4MKCR;
				PRODUCT_NAME = "$(TARGET_NAME)";
				SWIFT_VERSION = 3.0;
			};
			name = Debug;
		};
		013B12FC1E0BDDBF002DAD24 /* Release */ = {
			isa = XCBuildConfiguration;
			buildSettings = {
				DEVELOPMENT_TEAM = LU4EN4MKCR;
				PRODUCT_NAME = "$(TARGET_NAME)";
				SWIFT_VERSION = 3.0;
			};
			name = Release;
		};
		013B130A1E0D357C002DAD24 /* Debug */ = {
			isa = XCBuildConfiguration;
			buildSettings = {
				DEVELOPMENT_TEAM = LU4EN4MKCR;
				PRODUCT_NAME = "$(TARGET_NAME)";
				SWIFT_OPTIMIZATION_LEVEL = "-O";
				SWIFT_VERSION = 3.0;
			};
			name = Debug;
		};
		013B130B1E0D357C002DAD24 /* Release */ = {
			isa = XCBuildConfiguration;
			buildSettings = {
				DEVELOPMENT_TEAM = LU4EN4MKCR;
				PRODUCT_NAME = "$(TARGET_NAME)";
				SWIFT_VERSION = 3.0;
			};
			name = Release;
		};
		013B67A41E0150FE000D9D7F /* Debug */ = {
			isa = XCBuildConfiguration;
			buildSettings = {
				DEVELOPMENT_TEAM = LU4EN4MKCR;
				PRODUCT_NAME = "$(TARGET_NAME)";
				SWIFT_OPTIMIZATION_LEVEL = "-O";
				SWIFT_VERSION = 3.0;
			};
			name = Debug;
		};
		013B67A51E0150FE000D9D7F /* Release */ = {
			isa = XCBuildConfiguration;
			buildSettings = {
				DEVELOPMENT_TEAM = LU4EN4MKCR;
				PRODUCT_NAME = "$(TARGET_NAME)";
				SWIFT_VERSION = 3.0;
			};
			name = Release;
		};
		0151E80B1DF75EC0000B27E1 /* Debug */ = {
			isa = XCBuildConfiguration;
			buildSettings = {
				DEVELOPMENT_TEAM = LU4EN4MKCR;
				PRODUCT_NAME = "$(TARGET_NAME)";
				SWIFT_VERSION = 3.0;
			};
			name = Debug;
		};
		0151E80C1DF75EC0000B27E1 /* Release */ = {
			isa = XCBuildConfiguration;
			buildSettings = {
				DEVELOPMENT_TEAM = LU4EN4MKCR;
				PRODUCT_NAME = "$(TARGET_NAME)";
				SWIFT_VERSION = 3.0;
			};
			name = Release;
		};
		0151E8161DF75ECB000B27E1 /* Debug */ = {
			isa = XCBuildConfiguration;
			buildSettings = {
				DEVELOPMENT_TEAM = LU4EN4MKCR;
				PRODUCT_NAME = "$(TARGET_NAME)";
				SWIFT_VERSION = 3.0;
			};
			name = Debug;
		};
		0151E8171DF75ECB000B27E1 /* Release */ = {
			isa = XCBuildConfiguration;
			buildSettings = {
				DEVELOPMENT_TEAM = LU4EN4MKCR;
				PRODUCT_NAME = "$(TARGET_NAME)";
				SWIFT_VERSION = 3.0;
			};
			name = Release;
		};
		0151E8211DF75ED2000B27E1 /* Debug */ = {
			isa = XCBuildConfiguration;
			buildSettings = {
				DEVELOPMENT_TEAM = LU4EN4MKCR;
				PRODUCT_NAME = "$(TARGET_NAME)";
				SWIFT_VERSION = 3.0;
			};
			name = Debug;
		};
		0151E8221DF75ED2000B27E1 /* Release */ = {
			isa = XCBuildConfiguration;
			buildSettings = {
				DEVELOPMENT_TEAM = LU4EN4MKCR;
				PRODUCT_NAME = "$(TARGET_NAME)";
				SWIFT_VERSION = 3.0;
			};
			name = Release;
		};
		0151E8371DF7732F000B27E1 /* Debug */ = {
			isa = XCBuildConfiguration;
			buildSettings = {
				DEVELOPMENT_TEAM = LU4EN4MKCR;
				PRODUCT_NAME = "$(TARGET_NAME)";
				SWIFT_VERSION = 3.0;
			};
			name = Debug;
		};
		0151E8381DF7732F000B27E1 /* Release */ = {
			isa = XCBuildConfiguration;
			buildSettings = {
				DEVELOPMENT_TEAM = LU4EN4MKCR;
				PRODUCT_NAME = "$(TARGET_NAME)";
				SWIFT_VERSION = 3.0;
			};
			name = Release;
		};
		015BBBFA1DF94BEE0021F642 /* Debug */ = {
			isa = XCBuildConfiguration;
			buildSettings = {
				DEVELOPMENT_TEAM = LU4EN4MKCR;
				PRODUCT_NAME = "$(TARGET_NAME)";
				SWIFT_VERSION = 3.0;
			};
			name = Debug;
		};
		015BBBFB1DF94BEE0021F642 /* Release */ = {
			isa = XCBuildConfiguration;
			buildSettings = {
				DEVELOPMENT_TEAM = LU4EN4MKCR;
				PRODUCT_NAME = "$(TARGET_NAME)";
				SWIFT_VERSION = 3.0;
			};
			name = Release;
		};
		015BBC081DFA9D380021F642 /* Debug */ = {
			isa = XCBuildConfiguration;
			buildSettings = {
				DEVELOPMENT_TEAM = LU4EN4MKCR;
				PRODUCT_NAME = "$(TARGET_NAME)";
				SWIFT_VERSION = 3.0;
			};
			name = Debug;
		};
		015BBC091DFA9D380021F642 /* Release */ = {
			isa = XCBuildConfiguration;
			buildSettings = {
				DEVELOPMENT_TEAM = LU4EN4MKCR;
				PRODUCT_NAME = "$(TARGET_NAME)";
				SWIFT_VERSION = 3.0;
			};
			name = Release;
		};
		01649D151DFE9D11008DDFB4 /* Debug */ = {
			isa = XCBuildConfiguration;
			buildSettings = {
				DEVELOPMENT_TEAM = LU4EN4MKCR;
				PRODUCT_NAME = "$(TARGET_NAME)";
				SWIFT_VERSION = 3.0;
			};
			name = Debug;
		};
		01649D161DFE9D11008DDFB4 /* Release */ = {
			isa = XCBuildConfiguration;
			buildSettings = {
				DEVELOPMENT_TEAM = LU4EN4MKCR;
				PRODUCT_NAME = "$(TARGET_NAME)";
				SWIFT_VERSION = 3.0;
			};
			name = Release;
		};
		0172EF241E068A69005F05D9 /* Debug */ = {
			isa = XCBuildConfiguration;
			buildSettings = {
				DEVELOPMENT_TEAM = LU4EN4MKCR;
				PRODUCT_NAME = "$(TARGET_NAME)";
				SWIFT_OPTIMIZATION_LEVEL = "-Onone";
				SWIFT_VERSION = 3.0;
			};
			name = Debug;
		};
		0172EF251E068A69005F05D9 /* Release */ = {
			isa = XCBuildConfiguration;
			buildSettings = {
				DEVELOPMENT_TEAM = LU4EN4MKCR;
				PRODUCT_NAME = "$(TARGET_NAME)";
				SWIFT_VERSION = 3.0;
			};
			name = Release;
		};
		017D48B41E08111600562037 /* Debug */ = {
			isa = XCBuildConfiguration;
			buildSettings = {
				DEVELOPMENT_TEAM = LU4EN4MKCR;
				PRODUCT_NAME = "$(TARGET_NAME)";
				SWIFT_OPTIMIZATION_LEVEL = "-O";
				SWIFT_VERSION = 3.0;
			};
			name = Debug;
		};
		017D48B51E08111600562037 /* Release */ = {
			isa = XCBuildConfiguration;
			buildSettings = {
				DEVELOPMENT_TEAM = LU4EN4MKCR;
				PRODUCT_NAME = "$(TARGET_NAME)";
				SWIFT_VERSION = 3.0;
			};
			name = Release;
		};
		017D48C41E09556E00562037 /* Debug */ = {
			isa = XCBuildConfiguration;
			buildSettings = {
				DEVELOPMENT_TEAM = LU4EN4MKCR;
				PRODUCT_NAME = "$(TARGET_NAME)";
				SWIFT_OPTIMIZATION_LEVEL = "-O";
				SWIFT_VERSION = 3.0;
			};
			name = Debug;
		};
		017D48C51E09556E00562037 /* Release */ = {
			isa = XCBuildConfiguration;
			buildSettings = {
				DEVELOPMENT_TEAM = LU4EN4MKCR;
				PRODUCT_NAME = "$(TARGET_NAME)";
				SWIFT_VERSION = 3.0;
			};
			name = Release;
		};
		018641251E0B102A00900D2A /* Debug */ = {
			isa = XCBuildConfiguration;
			buildSettings = {
				DEVELOPMENT_TEAM = LU4EN4MKCR;
				PRODUCT_NAME = "$(TARGET_NAME)";
				SWIFT_OPTIMIZATION_LEVEL = "-O";
				SWIFT_VERSION = 3.0;
			};
			name = Debug;
		};
		018641261E0B102A00900D2A /* Release */ = {
			isa = XCBuildConfiguration;
			buildSettings = {
				DEVELOPMENT_TEAM = LU4EN4MKCR;
				PRODUCT_NAME = "$(TARGET_NAME)";
				SWIFT_VERSION = 3.0;
			};
			name = Release;
		};
		01AE0EB81E002CC400777738 /* Debug */ = {
			isa = XCBuildConfiguration;
			buildSettings = {
				CLANG_WARN_SUSPICIOUS_MOVE = YES;
				DEVELOPMENT_TEAM = LU4EN4MKCR;
				PRODUCT_NAME = "$(TARGET_NAME)";
				SWIFT_VERSION = 3.0;
			};
			name = Debug;
		};
		01AE0EB91E002CC400777738 /* Release */ = {
			isa = XCBuildConfiguration;
			buildSettings = {
				CLANG_WARN_SUSPICIOUS_MOVE = YES;
				DEVELOPMENT_TEAM = LU4EN4MKCR;
				PRODUCT_NAME = "$(TARGET_NAME)";
				SWIFT_VERSION = 3.0;
			};
			name = Release;
		};
		01D388FB1E02B38B00E95B93 /* Debug */ = {
			isa = XCBuildConfiguration;
			buildSettings = {
				DEVELOPMENT_TEAM = LU4EN4MKCR;
				PRODUCT_NAME = "$(TARGET_NAME)";
				SWIFT_VERSION = 3.0;
			};
			name = Debug;
		};
		01D388FC1E02B38B00E95B93 /* Release */ = {
			isa = XCBuildConfiguration;
			buildSettings = {
				DEVELOPMENT_TEAM = LU4EN4MKCR;
				PRODUCT_NAME = "$(TARGET_NAME)";
				SWIFT_VERSION = 3.0;
			};
			name = Release;
		};
		01E3CEA01E03D58D0076EF09 /* Debug */ = {
			isa = XCBuildConfiguration;
			buildSettings = {
				DEVELOPMENT_TEAM = LU4EN4MKCR;
				PRODUCT_NAME = "$(TARGET_NAME)";
				SWIFT_OPTIMIZATION_LEVEL = "-O";
				SWIFT_VERSION = 3.0;
			};
			name = Debug;
		};
		01E3CEA11E03D58D0076EF09 /* Release */ = {
			isa = XCBuildConfiguration;
			buildSettings = {
				DEVELOPMENT_TEAM = LU4EN4MKCR;
				PRODUCT_NAME = "$(TARGET_NAME)";
				SWIFT_VERSION = 3.0;
			};
			name = Release;
		};
		01E3CEBF1E0538110076EF09 /* Debug */ = {
			isa = XCBuildConfiguration;
			buildSettings = {
				CLANG_ENABLE_MODULES = YES;
				DEVELOPMENT_TEAM = LU4EN4MKCR;
				LD_RUNPATH_SEARCH_PATHS = "$(inherited) @executable_path/../Frameworks @loader_path/../Frameworks";
				PRODUCT_NAME = "$(TARGET_NAME)";
				SWIFT_OPTIMIZATION_LEVEL = "-Onone";
				SWIFT_VERSION = 3.0;
			};
			name = Debug;
		};
		01E3CEC01E0538110076EF09 /* Release */ = {
			isa = XCBuildConfiguration;
			buildSettings = {
				CLANG_ENABLE_MODULES = YES;
				DEVELOPMENT_TEAM = LU4EN4MKCR;
				LD_RUNPATH_SEARCH_PATHS = "$(inherited) @executable_path/../Frameworks @loader_path/../Frameworks";
				PRODUCT_NAME = "$(TARGET_NAME)";
				SWIFT_VERSION = 3.0;
			};
			name = Release;
		};
/* End XCBuildConfiguration section */

/* Begin XCConfigurationList section */
		01000BEA1DFC514500DE46F0 /* Build configuration list for PBXNativeTarget "aoc-day10" */ = {
			isa = XCConfigurationList;
			buildConfigurations = (
				01000BEB1DFC514500DE46F0 /* Debug */,
				01000BEC1DFC514500DE46F0 /* Release */,
			);
			defaultConfigurationIsVisible = 0;
			defaultConfigurationName = Release;
		};
		01357B3F1DF5B0B30090EFDC /* Build configuration list for PBXProject "AdventOfCode2016" */ = {
			isa = XCConfigurationList;
			buildConfigurations = (
				01357B491DF5B0B30090EFDC /* Debug */,
				01357B4A1DF5B0B30090EFDC /* Release */,
			);
			defaultConfigurationIsVisible = 0;
			defaultConfigurationName = Release;
		};
		01357B4B1DF5B0B30090EFDC /* Build configuration list for PBXNativeTarget "aoc-day5" */ = {
			isa = XCConfigurationList;
			buildConfigurations = (
				01357B4C1DF5B0B30090EFDC /* Debug */,
				01357B4D1DF5B0B30090EFDC /* Release */,
			);
			defaultConfigurationIsVisible = 0;
			defaultConfigurationName = Release;
		};
		01357B591DF617EB0090EFDC /* Build configuration list for PBXNativeTarget "aoc-day1" */ = {
			isa = XCConfigurationList;
			buildConfigurations = (
				01357B5A1DF617EB0090EFDC /* Debug */,
				01357B5B1DF617EB0090EFDC /* Release */,
			);
			defaultConfigurationIsVisible = 0;
			defaultConfigurationName = Release;
		};
		01357B761DF6A83B0090EFDC /* Build configuration list for PBXNativeTarget "aoc-day6" */ = {
			isa = XCConfigurationList;
			buildConfigurations = (
				01357B771DF6A83B0090EFDC /* Debug */,
				01357B781DF6A83B0090EFDC /* Release */,
			);
			defaultConfigurationIsVisible = 0;
			defaultConfigurationName = Release;
		};
		013B12FD1E0BDDBF002DAD24 /* Build configuration list for PBXNativeTarget "aoc-day22" */ = {
			isa = XCConfigurationList;
			buildConfigurations = (
				013B12FB1E0BDDBF002DAD24 /* Debug */,
				013B12FC1E0BDDBF002DAD24 /* Release */,
			);
			defaultConfigurationIsVisible = 0;
			defaultConfigurationName = Release;
		};
		013B13091E0D357C002DAD24 /* Build configuration list for PBXNativeTarget "aoc-day23" */ = {
			isa = XCConfigurationList;
			buildConfigurations = (
				013B130A1E0D357C002DAD24 /* Debug */,
				013B130B1E0D357C002DAD24 /* Release */,
			);
			defaultConfigurationIsVisible = 0;
			defaultConfigurationName = Release;
		};
		013B67A61E0150FE000D9D7F /* Build configuration list for PBXNativeTarget "aoc-day14" */ = {
			isa = XCConfigurationList;
			buildConfigurations = (
				013B67A41E0150FE000D9D7F /* Debug */,
				013B67A51E0150FE000D9D7F /* Release */,
			);
			defaultConfigurationIsVisible = 0;
			defaultConfigurationName = Release;
		};
		0151E80A1DF75EC0000B27E1 /* Build configuration list for PBXNativeTarget "aoc-day2" */ = {
			isa = XCConfigurationList;
			buildConfigurations = (
				0151E80B1DF75EC0000B27E1 /* Debug */,
				0151E80C1DF75EC0000B27E1 /* Release */,
			);
			defaultConfigurationIsVisible = 0;
			defaultConfigurationName = Release;
		};
		0151E8151DF75ECB000B27E1 /* Build configuration list for PBXNativeTarget "aoc-day3" */ = {
			isa = XCConfigurationList;
			buildConfigurations = (
				0151E8161DF75ECB000B27E1 /* Debug */,
				0151E8171DF75ECB000B27E1 /* Release */,
			);
			defaultConfigurationIsVisible = 0;
			defaultConfigurationName = Release;
		};
		0151E8201DF75ED2000B27E1 /* Build configuration list for PBXNativeTarget "aoc-day4" */ = {
			isa = XCConfigurationList;
			buildConfigurations = (
				0151E8211DF75ED2000B27E1 /* Debug */,
				0151E8221DF75ED2000B27E1 /* Release */,
			);
			defaultConfigurationIsVisible = 0;
			defaultConfigurationName = Release;
		};
		0151E8361DF7732F000B27E1 /* Build configuration list for PBXNativeTarget "aoc-day7" */ = {
			isa = XCConfigurationList;
			buildConfigurations = (
				0151E8371DF7732F000B27E1 /* Debug */,
				0151E8381DF7732F000B27E1 /* Release */,
			);
			defaultConfigurationIsVisible = 0;
			defaultConfigurationName = Release;
		};
		015BBBFC1DF94BEE0021F642 /* Build configuration list for PBXNativeTarget "aoc-day8" */ = {
			isa = XCConfigurationList;
			buildConfigurations = (
				015BBBFA1DF94BEE0021F642 /* Debug */,
				015BBBFB1DF94BEE0021F642 /* Release */,
			);
			defaultConfigurationIsVisible = 0;
			defaultConfigurationName = Release;
		};
		015BBC071DFA9D380021F642 /* Build configuration list for PBXNativeTarget "aoc-day9" */ = {
			isa = XCConfigurationList;
			buildConfigurations = (
				015BBC081DFA9D380021F642 /* Debug */,
				015BBC091DFA9D380021F642 /* Release */,
			);
			defaultConfigurationIsVisible = 0;
			defaultConfigurationName = Release;
		};
		01649D171DFE9D11008DDFB4 /* Build configuration list for PBXNativeTarget "aoc-day12" */ = {
			isa = XCConfigurationList;
			buildConfigurations = (
				01649D151DFE9D11008DDFB4 /* Debug */,
				01649D161DFE9D11008DDFB4 /* Release */,
			);
			defaultConfigurationIsVisible = 0;
			defaultConfigurationName = Release;
		};
		0172EF261E068A69005F05D9 /* Build configuration list for PBXNativeTarget "aoc-day18" */ = {
			isa = XCConfigurationList;
			buildConfigurations = (
				0172EF241E068A69005F05D9 /* Debug */,
				0172EF251E068A69005F05D9 /* Release */,
			);
			defaultConfigurationIsVisible = 0;
			defaultConfigurationName = Release;
		};
		017D48B61E08111600562037 /* Build configuration list for PBXNativeTarget "aoc-day19" */ = {
			isa = XCConfigurationList;
			buildConfigurations = (
				017D48B41E08111600562037 /* Debug */,
				017D48B51E08111600562037 /* Release */,
			);
			defaultConfigurationIsVisible = 0;
			defaultConfigurationName = Release;
		};
		017D48C31E09556E00562037 /* Build configuration list for PBXNativeTarget "aoc-day20" */ = {
			isa = XCConfigurationList;
			buildConfigurations = (
				017D48C41E09556E00562037 /* Debug */,
				017D48C51E09556E00562037 /* Release */,
			);
			defaultConfigurationIsVisible = 0;
			defaultConfigurationName = Release;
		};
		018641271E0B102A00900D2A /* Build configuration list for PBXNativeTarget "aoc-day21" */ = {
			isa = XCConfigurationList;
			buildConfigurations = (
				018641251E0B102A00900D2A /* Debug */,
				018641261E0B102A00900D2A /* Release */,
			);
			defaultConfigurationIsVisible = 0;
			defaultConfigurationName = Release;
		};
		01AE0EBA1E002CC400777738 /* Build configuration list for PBXNativeTarget "aoc-day13" */ = {
			isa = XCConfigurationList;
			buildConfigurations = (
				01AE0EB81E002CC400777738 /* Debug */,
				01AE0EB91E002CC400777738 /* Release */,
			);
			defaultConfigurationIsVisible = 0;
			defaultConfigurationName = Release;
		};
		01D388FA1E02B38B00E95B93 /* Build configuration list for PBXNativeTarget "aoc-day15" */ = {
			isa = XCConfigurationList;
			buildConfigurations = (
				01D388FB1E02B38B00E95B93 /* Debug */,
				01D388FC1E02B38B00E95B93 /* Release */,
			);
			defaultConfigurationIsVisible = 0;
			defaultConfigurationName = Release;
		};
		01E3CEA21E03D58D0076EF09 /* Build configuration list for PBXNativeTarget "aoc-day16" */ = {
			isa = XCConfigurationList;
			buildConfigurations = (
				01E3CEA01E03D58D0076EF09 /* Debug */,
				01E3CEA11E03D58D0076EF09 /* Release */,
			);
			defaultConfigurationIsVisible = 0;
			defaultConfigurationName = Release;
		};
		01E3CEC11E0538110076EF09 /* Build configuration list for PBXNativeTarget "aoc-day17" */ = {
			isa = XCConfigurationList;
			buildConfigurations = (
				01E3CEBF1E0538110076EF09 /* Debug */,
				01E3CEC01E0538110076EF09 /* Release */,
			);
			defaultConfigurationIsVisible = 0;
			defaultConfigurationName = Release;
		};
/* End XCConfigurationList section */
	};
	rootObject = 01357B3C1DF5B0B30090EFDC /* Project object */;
}
