// !$*UTF8*$!
{
	archiveVersion = 1;
	classes = {
	};
	objectVersion = 46;
	objects = {

/* Begin PBXBuildFile section */
		01357B481DF5B0B30090EFDC /* main.swift in Sources */ = {isa = PBXBuildFile; fileRef = 01357B471DF5B0B30090EFDC /* main.swift */; };
		01357B581DF617EB0090EFDC /* main.swift in Sources */ = {isa = PBXBuildFile; fileRef = 01357B571DF617EB0090EFDC /* main.swift */; };
		01357B6D1DF61EE80090EFDC /* input.txt in CopyFiles */ = {isa = PBXBuildFile; fileRef = 01357B6C1DF61EBF0090EFDC /* input.txt */; };
		01357B751DF6A83B0090EFDC /* main.swift in Sources */ = {isa = PBXBuildFile; fileRef = 01357B741DF6A83B0090EFDC /* main.swift */; };
		01357B7A1DF6A8860090EFDC /* input.txt in CopyFiles */ = {isa = PBXBuildFile; fileRef = 01357B791DF6A86B0090EFDC /* input.txt */; };
		0151E8011DF75D8C000B27E1 /* StringExtensions.swift in Sources */ = {isa = PBXBuildFile; fileRef = 0151E8001DF75D8C000B27E1 /* StringExtensions.swift */; };
		0151E8091DF75EC0000B27E1 /* main.swift in Sources */ = {isa = PBXBuildFile; fileRef = 0151E8081DF75EC0000B27E1 /* main.swift */; };
		0151E8141DF75ECB000B27E1 /* main.swift in Sources */ = {isa = PBXBuildFile; fileRef = 0151E8131DF75ECB000B27E1 /* main.swift */; };
		0151E81F1DF75ED2000B27E1 /* main.swift in Sources */ = {isa = PBXBuildFile; fileRef = 0151E81E1DF75ED2000B27E1 /* main.swift */; };
		0151E8261DF75F63000B27E1 /* input.txt in CopyFiles */ = {isa = PBXBuildFile; fileRef = 0151E8231DF75F10000B27E1 /* input.txt */; };
		0151E8271DF75F6D000B27E1 /* input.txt in CopyFiles */ = {isa = PBXBuildFile; fileRef = 0151E8241DF75F1C000B27E1 /* input.txt */; };
		0151E8281DF75F7D000B27E1 /* input.txt in CopyFiles */ = {isa = PBXBuildFile; fileRef = 0151E8251DF75F23000B27E1 /* input.txt */; };
		0151E8291DF76065000B27E1 /* StringExtensions.swift in Sources */ = {isa = PBXBuildFile; fileRef = 0151E8001DF75D8C000B27E1 /* StringExtensions.swift */; };
		0151E82A1DF7606C000B27E1 /* StringExtensions.swift in Sources */ = {isa = PBXBuildFile; fileRef = 0151E8001DF75D8C000B27E1 /* StringExtensions.swift */; };
		0151E82B1DF7606D000B27E1 /* StringExtensions.swift in Sources */ = {isa = PBXBuildFile; fileRef = 0151E8001DF75D8C000B27E1 /* StringExtensions.swift */; };
		0151E82C1DF7606E000B27E1 /* StringExtensions.swift in Sources */ = {isa = PBXBuildFile; fileRef = 0151E8001DF75D8C000B27E1 /* StringExtensions.swift */; };
		0151E82D1DF7606F000B27E1 /* StringExtensions.swift in Sources */ = {isa = PBXBuildFile; fileRef = 0151E8001DF75D8C000B27E1 /* StringExtensions.swift */; };
/* End PBXBuildFile section */

/* Begin PBXCopyFilesBuildPhase section */
		01357B421DF5B0B30090EFDC /* CopyFiles */ = {
			isa = PBXCopyFilesBuildPhase;
			buildActionMask = 2147483647;
			dstPath = /usr/share/man/man1/;
			dstSubfolderSpec = 0;
			files = (
			);
			runOnlyForDeploymentPostprocessing = 1;
		};
		01357B531DF617EB0090EFDC /* CopyFiles */ = {
			isa = PBXCopyFilesBuildPhase;
			buildActionMask = 12;
			dstPath = day1;
			dstSubfolderSpec = 16;
			files = (
				01357B6D1DF61EE80090EFDC /* input.txt in CopyFiles */,
			);
			runOnlyForDeploymentPostprocessing = 0;
		};
		01357B701DF6A83B0090EFDC /* CopyFiles */ = {
			isa = PBXCopyFilesBuildPhase;
			buildActionMask = 12;
			dstPath = day6;
			dstSubfolderSpec = 16;
			files = (
				01357B7A1DF6A8860090EFDC /* input.txt in CopyFiles */,
			);
			runOnlyForDeploymentPostprocessing = 0;
		};
		0151E8041DF75EBF000B27E1 /* CopyFiles */ = {
			isa = PBXCopyFilesBuildPhase;
			buildActionMask = 12;
			dstPath = day2;
			dstSubfolderSpec = 16;
			files = (
				0151E8261DF75F63000B27E1 /* input.txt in CopyFiles */,
			);
			runOnlyForDeploymentPostprocessing = 0;
		};
		0151E80F1DF75ECB000B27E1 /* CopyFiles */ = {
			isa = PBXCopyFilesBuildPhase;
			buildActionMask = 12;
			dstPath = day3;
			dstSubfolderSpec = 16;
			files = (
				0151E8271DF75F6D000B27E1 /* input.txt in CopyFiles */,
			);
			runOnlyForDeploymentPostprocessing = 0;
		};
		0151E81A1DF75ED2000B27E1 /* CopyFiles */ = {
			isa = PBXCopyFilesBuildPhase;
			buildActionMask = 12;
			dstPath = day4;
			dstSubfolderSpec = 16;
			files = (
				0151E8281DF75F7D000B27E1 /* input.txt in CopyFiles */,
			);
			runOnlyForDeploymentPostprocessing = 0;
		};
/* End PBXCopyFilesBuildPhase section */

/* Begin PBXFileReference section */
		01357B441DF5B0B30090EFDC /* aoc-day5 */ = {isa = PBXFileReference; explicitFileType = "compiled.mach-o.executable"; includeInIndex = 0; path = "aoc-day5"; sourceTree = BUILT_PRODUCTS_DIR; };
		01357B471DF5B0B30090EFDC /* main.swift */ = {isa = PBXFileReference; lastKnownFileType = sourcecode.swift; path = main.swift; sourceTree = "<group>"; };
		01357B4E1DF5B1400090EFDC /* Bridging-Header.h */ = {isa = PBXFileReference; lastKnownFileType = sourcecode.c.h; path = "Bridging-Header.h"; sourceTree = "<group>"; };
		01357B551DF617EB0090EFDC /* aoc-day1 */ = {isa = PBXFileReference; explicitFileType = "compiled.mach-o.executable"; includeInIndex = 0; path = "aoc-day1"; sourceTree = BUILT_PRODUCTS_DIR; };
		01357B571DF617EB0090EFDC /* main.swift */ = {isa = PBXFileReference; lastKnownFileType = sourcecode.swift; path = main.swift; sourceTree = "<group>"; };
		01357B6C1DF61EBF0090EFDC /* input.txt */ = {isa = PBXFileReference; lastKnownFileType = text; path = input.txt; sourceTree = "<group>"; };
		01357B721DF6A83B0090EFDC /* aoc-day6 */ = {isa = PBXFileReference; explicitFileType = "compiled.mach-o.executable"; includeInIndex = 0; path = "aoc-day6"; sourceTree = BUILT_PRODUCTS_DIR; };
		01357B741DF6A83B0090EFDC /* main.swift */ = {isa = PBXFileReference; lastKnownFileType = sourcecode.swift; path = main.swift; sourceTree = "<group>"; };
		01357B791DF6A86B0090EFDC /* input.txt */ = {isa = PBXFileReference; fileEncoding = 4; lastKnownFileType = text; path = input.txt; sourceTree = "<group>"; };
		0151E8001DF75D8C000B27E1 /* StringExtensions.swift */ = {isa = PBXFileReference; fileEncoding = 4; lastKnownFileType = sourcecode.swift; path = StringExtensions.swift; sourceTree = "<group>"; };
		0151E8061DF75EBF000B27E1 /* aoc-day2 */ = {isa = PBXFileReference; explicitFileType = "compiled.mach-o.executable"; includeInIndex = 0; path = "aoc-day2"; sourceTree = BUILT_PRODUCTS_DIR; };
		0151E8081DF75EC0000B27E1 /* main.swift */ = {isa = PBXFileReference; lastKnownFileType = sourcecode.swift; path = main.swift; sourceTree = "<group>"; };
		0151E8111DF75ECB000B27E1 /* aoc-day3 */ = {isa = PBXFileReference; explicitFileType = "compiled.mach-o.executable"; includeInIndex = 0; path = "aoc-day3"; sourceTree = BUILT_PRODUCTS_DIR; };
		0151E8131DF75ECB000B27E1 /* main.swift */ = {isa = PBXFileReference; lastKnownFileType = sourcecode.swift; path = main.swift; sourceTree = "<group>"; };
		0151E81C1DF75ED2000B27E1 /* aoc-day4 */ = {isa = PBXFileReference; explicitFileType = "compiled.mach-o.executable"; includeInIndex = 0; path = "aoc-day4"; sourceTree = BUILT_PRODUCTS_DIR; };
		0151E81E1DF75ED2000B27E1 /* main.swift */ = {isa = PBXFileReference; lastKnownFileType = sourcecode.swift; path = main.swift; sourceTree = "<group>"; };
		0151E8231DF75F10000B27E1 /* input.txt */ = {isa = PBXFileReference; fileEncoding = 4; lastKnownFileType = text; path = input.txt; sourceTree = "<group>"; };
		0151E8241DF75F1C000B27E1 /* input.txt */ = {isa = PBXFileReference; lastKnownFileType = text; path = input.txt; sourceTree = "<group>"; };
		0151E8251DF75F23000B27E1 /* input.txt */ = {isa = PBXFileReference; lastKnownFileType = text; path = input.txt; sourceTree = "<group>"; };
/* End PBXFileReference section */

/* Begin PBXFrameworksBuildPhase section */
		01357B411DF5B0B30090EFDC /* Frameworks */ = {
			isa = PBXFrameworksBuildPhase;
			buildActionMask = 2147483647;
			files = (
			);
			runOnlyForDeploymentPostprocessing = 0;
		};
		01357B521DF617EB0090EFDC /* Frameworks */ = {
			isa = PBXFrameworksBuildPhase;
			buildActionMask = 2147483647;
			files = (
			);
			runOnlyForDeploymentPostprocessing = 0;
		};
		01357B6F1DF6A83B0090EFDC /* Frameworks */ = {
			isa = PBXFrameworksBuildPhase;
			buildActionMask = 2147483647;
			files = (
			);
			runOnlyForDeploymentPostprocessing = 0;
		};
		0151E8031DF75EBF000B27E1 /* Frameworks */ = {
			isa = PBXFrameworksBuildPhase;
			buildActionMask = 2147483647;
			files = (
			);
			runOnlyForDeploymentPostprocessing = 0;
		};
		0151E80E1DF75ECB000B27E1 /* Frameworks */ = {
			isa = PBXFrameworksBuildPhase;
			buildActionMask = 2147483647;
			files = (
			);
			runOnlyForDeploymentPostprocessing = 0;
		};
		0151E8191DF75ED2000B27E1 /* Frameworks */ = {
			isa = PBXFrameworksBuildPhase;
			buildActionMask = 2147483647;
			files = (
			);
			runOnlyForDeploymentPostprocessing = 0;
		};
/* End PBXFrameworksBuildPhase section */

/* Begin PBXGroup section */
		01357B3B1DF5B0B30090EFDC = {
			isa = PBXGroup;
			children = (
				0151E7FF1DF75D67000B27E1 /* Generic */,
				01357B561DF617EB0090EFDC /* aoc-day1 */,
				0151E8071DF75EC0000B27E1 /* aoc-day2 */,
				0151E8121DF75ECB000B27E1 /* aoc-day3 */,
				0151E81D1DF75ED2000B27E1 /* aoc-day4 */,
				01357B461DF5B0B30090EFDC /* aoc-day5 */,
				01357B731DF6A83B0090EFDC /* aoc-day6 */,
				01357B451DF5B0B30090EFDC /* Products */,
			);
			sourceTree = "<group>";
		};
		01357B451DF5B0B30090EFDC /* Products */ = {
			isa = PBXGroup;
			children = (
				01357B441DF5B0B30090EFDC /* aoc-day5 */,
				01357B551DF617EB0090EFDC /* aoc-day1 */,
				01357B721DF6A83B0090EFDC /* aoc-day6 */,
				0151E8061DF75EBF000B27E1 /* aoc-day2 */,
				0151E8111DF75ECB000B27E1 /* aoc-day3 */,
				0151E81C1DF75ED2000B27E1 /* aoc-day4 */,
			);
			name = Products;
			sourceTree = "<group>";
		};
		01357B461DF5B0B30090EFDC /* aoc-day5 */ = {
			isa = PBXGroup;
			children = (
				01357B471DF5B0B30090EFDC /* main.swift */,
				01357B4E1DF5B1400090EFDC /* Bridging-Header.h */,
			);
			path = "aoc-day5";
			sourceTree = "<group>";
		};
		01357B561DF617EB0090EFDC /* aoc-day1 */ = {
			isa = PBXGroup;
			children = (
				01357B6C1DF61EBF0090EFDC /* input.txt */,
				01357B571DF617EB0090EFDC /* main.swift */,
			);
			path = "aoc-day1";
			sourceTree = "<group>";
		};
		01357B731DF6A83B0090EFDC /* aoc-day6 */ = {
			isa = PBXGroup;
			children = (
				01357B791DF6A86B0090EFDC /* input.txt */,
				01357B741DF6A83B0090EFDC /* main.swift */,
			);
			path = "aoc-day6";
			sourceTree = "<group>";
		};
		0151E7FF1DF75D67000B27E1 /* Generic */ = {
			isa = PBXGroup;
			children = (
				0151E8001DF75D8C000B27E1 /* StringExtensions.swift */,
			);
			path = Generic;
			sourceTree = "<group>";
		};
		0151E8071DF75EC0000B27E1 /* aoc-day2 */ = {
			isa = PBXGroup;
			children = (
				0151E8231DF75F10000B27E1 /* input.txt */,
				0151E8081DF75EC0000B27E1 /* main.swift */,
			);
			path = "aoc-day2";
			sourceTree = "<group>";
		};
		0151E8121DF75ECB000B27E1 /* aoc-day3 */ = {
			isa = PBXGroup;
			children = (
				0151E8241DF75F1C000B27E1 /* input.txt */,
				0151E8131DF75ECB000B27E1 /* main.swift */,
			);
			path = "aoc-day3";
			sourceTree = "<group>";
		};
		0151E81D1DF75ED2000B27E1 /* aoc-day4 */ = {
			isa = PBXGroup;
			children = (
				0151E8251DF75F23000B27E1 /* input.txt */,
				0151E81E1DF75ED2000B27E1 /* main.swift */,
			);
			path = "aoc-day4";
			sourceTree = "<group>";
		};
/* End PBXGroup section */

/* Begin PBXNativeTarget section */
		01357B431DF5B0B30090EFDC /* aoc-day5 */ = {
			isa = PBXNativeTarget;
			buildConfigurationList = 01357B4B1DF5B0B30090EFDC /* Build configuration list for PBXNativeTarget "aoc-day5" */;
			buildPhases = (
				01357B401DF5B0B30090EFDC /* Sources */,
				01357B411DF5B0B30090EFDC /* Frameworks */,
				01357B421DF5B0B30090EFDC /* CopyFiles */,
			);
			buildRules = (
			);
			dependencies = (
			);
			name = "aoc-day5";
			productName = AdventOfCode2016;
			productReference = 01357B441DF5B0B30090EFDC /* aoc-day5 */;
			productType = "com.apple.product-type.tool";
		};
		01357B541DF617EB0090EFDC /* aoc-day1 */ = {
			isa = PBXNativeTarget;
			buildConfigurationList = 01357B591DF617EB0090EFDC /* Build configuration list for PBXNativeTarget "aoc-day1" */;
			buildPhases = (
				01357B511DF617EB0090EFDC /* Sources */,
				01357B521DF617EB0090EFDC /* Frameworks */,
				01357B531DF617EB0090EFDC /* CopyFiles */,
			);
			buildRules = (
			);
			dependencies = (
			);
			name = "aoc-day1";
			productName = "aoc-day1";
			productReference = 01357B551DF617EB0090EFDC /* aoc-day1 */;
			productType = "com.apple.product-type.tool";
		};
		01357B711DF6A83B0090EFDC /* aoc-day6 */ = {
			isa = PBXNativeTarget;
			buildConfigurationList = 01357B761DF6A83B0090EFDC /* Build configuration list for PBXNativeTarget "aoc-day6" */;
			buildPhases = (
				01357B6E1DF6A83B0090EFDC /* Sources */,
				01357B6F1DF6A83B0090EFDC /* Frameworks */,
				01357B701DF6A83B0090EFDC /* CopyFiles */,
			);
			buildRules = (
			);
			dependencies = (
			);
			name = "aoc-day6";
			productName = "aoc-day6";
			productReference = 01357B721DF6A83B0090EFDC /* aoc-day6 */;
			productType = "com.apple.product-type.tool";
		};
		0151E8051DF75EBF000B27E1 /* aoc-day2 */ = {
			isa = PBXNativeTarget;
			buildConfigurationList = 0151E80A1DF75EC0000B27E1 /* Build configuration list for PBXNativeTarget "aoc-day2" */;
			buildPhases = (
				0151E8021DF75EBF000B27E1 /* Sources */,
				0151E8031DF75EBF000B27E1 /* Frameworks */,
				0151E8041DF75EBF000B27E1 /* CopyFiles */,
			);
			buildRules = (
			);
			dependencies = (
			);
			name = "aoc-day2";
			productName = "aoc-day2";
			productReference = 0151E8061DF75EBF000B27E1 /* aoc-day2 */;
			productType = "com.apple.product-type.tool";
		};
		0151E8101DF75ECB000B27E1 /* aoc-day3 */ = {
			isa = PBXNativeTarget;
			buildConfigurationList = 0151E8151DF75ECB000B27E1 /* Build configuration list for PBXNativeTarget "aoc-day3" */;
			buildPhases = (
				0151E80D1DF75ECB000B27E1 /* Sources */,
				0151E80E1DF75ECB000B27E1 /* Frameworks */,
				0151E80F1DF75ECB000B27E1 /* CopyFiles */,
			);
			buildRules = (
			);
			dependencies = (
			);
			name = "aoc-day3";
			productName = "aoc-day3";
			productReference = 0151E8111DF75ECB000B27E1 /* aoc-day3 */;
			productType = "com.apple.product-type.tool";
		};
		0151E81B1DF75ED2000B27E1 /* aoc-day4 */ = {
			isa = PBXNativeTarget;
			buildConfigurationList = 0151E8201DF75ED2000B27E1 /* Build configuration list for PBXNativeTarget "aoc-day4" */;
			buildPhases = (
				0151E8181DF75ED2000B27E1 /* Sources */,
				0151E8191DF75ED2000B27E1 /* Frameworks */,
				0151E81A1DF75ED2000B27E1 /* CopyFiles */,
			);
			buildRules = (
			);
			dependencies = (
			);
			name = "aoc-day4";
			productName = "aoc-day4";
			productReference = 0151E81C1DF75ED2000B27E1 /* aoc-day4 */;
			productType = "com.apple.product-type.tool";
		};
/* End PBXNativeTarget section */

/* Begin PBXProject section */
		01357B3C1DF5B0B30090EFDC /* Project object */ = {
			isa = PBXProject;
			attributes = {
				LastSwiftUpdateCheck = 0810;
				LastUpgradeCheck = 0810;
				ORGANIZATIONNAME = Awesomation;
				TargetAttributes = {
					01357B431DF5B0B30090EFDC = {
						CreatedOnToolsVersion = 8.1;
						DevelopmentTeam = LU4EN4MKCR;
						LastSwiftMigration = 0810;
						ProvisioningStyle = Automatic;
					};
					01357B541DF617EB0090EFDC = {
						CreatedOnToolsVersion = 8.1;
						DevelopmentTeam = LU4EN4MKCR;
						ProvisioningStyle = Automatic;
					};
					01357B711DF6A83B0090EFDC = {
						CreatedOnToolsVersion = 8.1;
						DevelopmentTeam = LU4EN4MKCR;
						ProvisioningStyle = Automatic;
					};
					0151E8051DF75EBF000B27E1 = {
						CreatedOnToolsVersion = 8.1;
						DevelopmentTeam = LU4EN4MKCR;
						ProvisioningStyle = Automatic;
					};
					0151E8101DF75ECB000B27E1 = {
						CreatedOnToolsVersion = 8.1;
						DevelopmentTeam = LU4EN4MKCR;
						ProvisioningStyle = Automatic;
					};
					0151E81B1DF75ED2000B27E1 = {
						CreatedOnToolsVersion = 8.1;
						DevelopmentTeam = LU4EN4MKCR;
						ProvisioningStyle = Automatic;
					};
				};
			};
			buildConfigurationList = 01357B3F1DF5B0B30090EFDC /* Build configuration list for PBXProject "AdventOfCode2016" */;
			compatibilityVersion = "Xcode 3.2";
			developmentRegion = English;
			hasScannedForEncodings = 0;
			knownRegions = (
				en,
			);
			mainGroup = 01357B3B1DF5B0B30090EFDC;
			productRefGroup = 01357B451DF5B0B30090EFDC /* Products */;
			projectDirPath = "";
			projectRoot = "";
			targets = (
				01357B541DF617EB0090EFDC /* aoc-day1 */,
				0151E8051DF75EBF000B27E1 /* aoc-day2 */,
				0151E8101DF75ECB000B27E1 /* aoc-day3 */,
				0151E81B1DF75ED2000B27E1 /* aoc-day4 */,
				01357B431DF5B0B30090EFDC /* aoc-day5 */,
				01357B711DF6A83B0090EFDC /* aoc-day6 */,
			);
		};
/* End PBXProject section */

/* Begin PBXSourcesBuildPhase section */
		01357B401DF5B0B30090EFDC /* Sources */ = {
			isa = PBXSourcesBuildPhase;
			buildActionMask = 2147483647;
			files = (
				0151E82A1DF7606C000B27E1 /* StringExtensions.swift in Sources */,
				01357B481DF5B0B30090EFDC /* main.swift in Sources */,
			);
			runOnlyForDeploymentPostprocessing = 0;
		};
		01357B511DF617EB0090EFDC /* Sources */ = {
			isa = PBXSourcesBuildPhase;
			buildActionMask = 2147483647;
			files = (
				0151E82D1DF7606F000B27E1 /* StringExtensions.swift in Sources */,
				01357B581DF617EB0090EFDC /* main.swift in Sources */,
			);
			runOnlyForDeploymentPostprocessing = 0;
		};
		01357B6E1DF6A83B0090EFDC /* Sources */ = {
			isa = PBXSourcesBuildPhase;
			buildActionMask = 2147483647;
			files = (
				0151E8011DF75D8C000B27E1 /* StringExtensions.swift in Sources */,
				01357B751DF6A83B0090EFDC /* main.swift in Sources */,
			);
			runOnlyForDeploymentPostprocessing = 0;
		};
		0151E8021DF75EBF000B27E1 /* Sources */ = {
			isa = PBXSourcesBuildPhase;
			buildActionMask = 2147483647;
			files = (
				0151E82C1DF7606E000B27E1 /* StringExtensions.swift in Sources */,
				0151E8091DF75EC0000B27E1 /* main.swift in Sources */,
			);
			runOnlyForDeploymentPostprocessing = 0;
		};
		0151E80D1DF75ECB000B27E1 /* Sources */ = {
			isa = PBXSourcesBuildPhase;
			buildActionMask = 2147483647;
			files = (
				0151E82B1DF7606D000B27E1 /* StringExtensions.swift in Sources */,
				0151E8141DF75ECB000B27E1 /* main.swift in Sources */,
			);
			runOnlyForDeploymentPostprocessing = 0;
		};
		0151E8181DF75ED2000B27E1 /* Sources */ = {
			isa = PBXSourcesBuildPhase;
			buildActionMask = 2147483647;
			files = (
				0151E8291DF76065000B27E1 /* StringExtensions.swift in Sources */,
				0151E81F1DF75ED2000B27E1 /* main.swift in Sources */,
			);
			runOnlyForDeploymentPostprocessing = 0;
		};
/* End PBXSourcesBuildPhase section */

/* Begin XCBuildConfiguration section */
		01357B491DF5B0B30090EFDC /* Debug */ = {
			isa = XCBuildConfiguration;
			buildSettings = {
				ALWAYS_SEARCH_USER_PATHS = NO;
				CLANG_ANALYZER_NONNULL = YES;
				CLANG_CXX_LANGUAGE_STANDARD = "gnu++0x";
				CLANG_CXX_LIBRARY = "libc++";
				CLANG_ENABLE_MODULES = YES;
				CLANG_ENABLE_OBJC_ARC = YES;
				CLANG_WARN_BOOL_CONVERSION = YES;
				CLANG_WARN_CONSTANT_CONVERSION = YES;
				CLANG_WARN_DIRECT_OBJC_ISA_USAGE = YES_ERROR;
				CLANG_WARN_DOCUMENTATION_COMMENTS = YES;
				CLANG_WARN_EMPTY_BODY = YES;
				CLANG_WARN_ENUM_CONVERSION = YES;
				CLANG_WARN_INFINITE_RECURSION = YES;
				CLANG_WARN_INT_CONVERSION = YES;
				CLANG_WARN_OBJC_ROOT_CLASS = YES_ERROR;
				CLANG_WARN_SUSPICIOUS_MOVES = YES;
				CLANG_WARN_UNREACHABLE_CODE = YES;
				CLANG_WARN__DUPLICATE_METHOD_MATCH = YES;
				CODE_SIGN_IDENTITY = "-";
				COPY_PHASE_STRIP = NO;
				DEBUG_INFORMATION_FORMAT = dwarf;
				ENABLE_STRICT_OBJC_MSGSEND = YES;
				ENABLE_TESTABILITY = YES;
				GCC_C_LANGUAGE_STANDARD = gnu99;
				GCC_DYNAMIC_NO_PIC = NO;
				GCC_NO_COMMON_BLOCKS = YES;
				GCC_OPTIMIZATION_LEVEL = 0;
				GCC_PREPROCESSOR_DEFINITIONS = (
					"DEBUG=1",
					"$(inherited)",
				);
				GCC_WARN_64_TO_32_BIT_CONVERSION = YES;
				GCC_WARN_ABOUT_RETURN_TYPE = YES_ERROR;
				GCC_WARN_UNDECLARED_SELECTOR = YES;
				GCC_WARN_UNINITIALIZED_AUTOS = YES_AGGRESSIVE;
				GCC_WARN_UNUSED_FUNCTION = YES;
				GCC_WARN_UNUSED_VARIABLE = YES;
				MACOSX_DEPLOYMENT_TARGET = 10.12;
				MTL_ENABLE_DEBUG_INFO = YES;
				ONLY_ACTIVE_ARCH = YES;
				SDKROOT = macosx;
				SWIFT_OPTIMIZATION_LEVEL = "-Onone";
			};
			name = Debug;
		};
		01357B4A1DF5B0B30090EFDC /* Release */ = {
			isa = XCBuildConfiguration;
			buildSettings = {
				ALWAYS_SEARCH_USER_PATHS = NO;
				CLANG_ANALYZER_NONNULL = YES;
				CLANG_CXX_LANGUAGE_STANDARD = "gnu++0x";
				CLANG_CXX_LIBRARY = "libc++";
				CLANG_ENABLE_MODULES = YES;
				CLANG_ENABLE_OBJC_ARC = YES;
				CLANG_WARN_BOOL_CONVERSION = YES;
				CLANG_WARN_CONSTANT_CONVERSION = YES;
				CLANG_WARN_DIRECT_OBJC_ISA_USAGE = YES_ERROR;
				CLANG_WARN_DOCUMENTATION_COMMENTS = YES;
				CLANG_WARN_EMPTY_BODY = YES;
				CLANG_WARN_ENUM_CONVERSION = YES;
				CLANG_WARN_INFINITE_RECURSION = YES;
				CLANG_WARN_INT_CONVERSION = YES;
				CLANG_WARN_OBJC_ROOT_CLASS = YES_ERROR;
				CLANG_WARN_SUSPICIOUS_MOVES = YES;
				CLANG_WARN_UNREACHABLE_CODE = YES;
				CLANG_WARN__DUPLICATE_METHOD_MATCH = YES;
				CODE_SIGN_IDENTITY = "-";
				COPY_PHASE_STRIP = NO;
				DEBUG_INFORMATION_FORMAT = "dwarf-with-dsym";
				ENABLE_NS_ASSERTIONS = NO;
				ENABLE_STRICT_OBJC_MSGSEND = YES;
				GCC_C_LANGUAGE_STANDARD = gnu99;
				GCC_NO_COMMON_BLOCKS = YES;
				GCC_WARN_64_TO_32_BIT_CONVERSION = YES;
				GCC_WARN_ABOUT_RETURN_TYPE = YES_ERROR;
				GCC_WARN_UNDECLARED_SELECTOR = YES;
				GCC_WARN_UNINITIALIZED_AUTOS = YES_AGGRESSIVE;
				GCC_WARN_UNUSED_FUNCTION = YES;
				GCC_WARN_UNUSED_VARIABLE = YES;
				MACOSX_DEPLOYMENT_TARGET = 10.12;
				MTL_ENABLE_DEBUG_INFO = NO;
				SDKROOT = macosx;
			};
			name = Release;
		};
		01357B4C1DF5B0B30090EFDC /* Debug */ = {
			isa = XCBuildConfiguration;
			buildSettings = {
				CLANG_ENABLE_MODULES = YES;
				DEVELOPMENT_TEAM = LU4EN4MKCR;
				LD_RUNPATH_SEARCH_PATHS = "$(inherited) @executable_path/../Frameworks @loader_path/../Frameworks";
				PRODUCT_NAME = "$(TARGET_NAME)";
				SWIFT_OBJC_BRIDGING_HEADER = "aoc-day5/Bridging-Header.h";
				SWIFT_OPTIMIZATION_LEVEL = "-Onone";
				SWIFT_VERSION = 3.0;
			};
			name = Debug;
		};
		01357B4D1DF5B0B30090EFDC /* Release */ = {
			isa = XCBuildConfiguration;
			buildSettings = {
				CLANG_ENABLE_MODULES = YES;
				DEVELOPMENT_TEAM = LU4EN4MKCR;
				LD_RUNPATH_SEARCH_PATHS = "$(inherited) @executable_path/../Frameworks @loader_path/../Frameworks";
				PRODUCT_NAME = "$(TARGET_NAME)";
				SWIFT_OBJC_BRIDGING_HEADER = "aoc-day5/Bridging-Header.h";
				SWIFT_VERSION = 3.0;
			};
			name = Release;
		};
		01357B5A1DF617EB0090EFDC /* Debug */ = {
			isa = XCBuildConfiguration;
			buildSettings = {
				DEVELOPMENT_TEAM = LU4EN4MKCR;
				PRODUCT_NAME = "$(TARGET_NAME)";
				SWIFT_VERSION = 3.0;
			};
			name = Debug;
		};
		01357B5B1DF617EB0090EFDC /* Release */ = {
			isa = XCBuildConfiguration;
			buildSettings = {
				DEVELOPMENT_TEAM = LU4EN4MKCR;
				PRODUCT_NAME = "$(TARGET_NAME)";
				SWIFT_VERSION = 3.0;
			};
			name = Release;
		};
		01357B771DF6A83B0090EFDC /* Debug */ = {
			isa = XCBuildConfiguration;
			buildSettings = {
				DEVELOPMENT_TEAM = LU4EN4MKCR;
				PRODUCT_NAME = "$(TARGET_NAME)";
				SWIFT_VERSION = 3.0;
			};
			name = Debug;
		};
		01357B781DF6A83B0090EFDC /* Release */ = {
			isa = XCBuildConfiguration;
			buildSettings = {
				DEVELOPMENT_TEAM = LU4EN4MKCR;
				PRODUCT_NAME = "$(TARGET_NAME)";
				SWIFT_VERSION = 3.0;
			};
			name = Release;
		};
		0151E80B1DF75EC0000B27E1 /* Debug */ = {
			isa = XCBuildConfiguration;
			buildSettings = {
				DEVELOPMENT_TEAM = LU4EN4MKCR;
				PRODUCT_NAME = "$(TARGET_NAME)";
				SWIFT_VERSION = 3.0;
			};
			name = Debug;
		};
		0151E80C1DF75EC0000B27E1 /* Release */ = {
			isa = XCBuildConfiguration;
			buildSettings = {
				DEVELOPMENT_TEAM = LU4EN4MKCR;
				PRODUCT_NAME = "$(TARGET_NAME)";
				SWIFT_VERSION = 3.0;
			};
			name = Release;
		};
		0151E8161DF75ECB000B27E1 /* Debug */ = {
			isa = XCBuildConfiguration;
			buildSettings = {
				DEVELOPMENT_TEAM = LU4EN4MKCR;
				PRODUCT_NAME = "$(TARGET_NAME)";
				SWIFT_VERSION = 3.0;
			};
			name = Debug;
		};
		0151E8171DF75ECB000B27E1 /* Release */ = {
			isa = XCBuildConfiguration;
			buildSettings = {
				DEVELOPMENT_TEAM = LU4EN4MKCR;
				PRODUCT_NAME = "$(TARGET_NAME)";
				SWIFT_VERSION = 3.0;
			};
			name = Release;
		};
		0151E8211DF75ED2000B27E1 /* Debug */ = {
			isa = XCBuildConfiguration;
			buildSettings = {
				DEVELOPMENT_TEAM = LU4EN4MKCR;
				PRODUCT_NAME = "$(TARGET_NAME)";
				SWIFT_VERSION = 3.0;
			};
			name = Debug;
		};
		0151E8221DF75ED2000B27E1 /* Release */ = {
			isa = XCBuildConfiguration;
			buildSettings = {
				DEVELOPMENT_TEAM = LU4EN4MKCR;
				PRODUCT_NAME = "$(TARGET_NAME)";
				SWIFT_VERSION = 3.0;
			};
			name = Release;
		};
/* End XCBuildConfiguration section */

/* Begin XCConfigurationList section */
		01357B3F1DF5B0B30090EFDC /* Build configuration list for PBXProject "AdventOfCode2016" */ = {
			isa = XCConfigurationList;
			buildConfigurations = (
				01357B491DF5B0B30090EFDC /* Debug */,
				01357B4A1DF5B0B30090EFDC /* Release */,
			);
			defaultConfigurationIsVisible = 0;
			defaultConfigurationName = Release;
		};
		01357B4B1DF5B0B30090EFDC /* Build configuration list for PBXNativeTarget "aoc-day5" */ = {
			isa = XCConfigurationList;
			buildConfigurations = (
				01357B4C1DF5B0B30090EFDC /* Debug */,
				01357B4D1DF5B0B30090EFDC /* Release */,
			);
			defaultConfigurationIsVisible = 0;
			defaultConfigurationName = Release;
		};
		01357B591DF617EB0090EFDC /* Build configuration list for PBXNativeTarget "aoc-day1" */ = {
			isa = XCConfigurationList;
			buildConfigurations = (
				01357B5A1DF617EB0090EFDC /* Debug */,
				01357B5B1DF617EB0090EFDC /* Release */,
			);
			defaultConfigurationIsVisible = 0;
			defaultConfigurationName = Release;
		};
		01357B761DF6A83B0090EFDC /* Build configuration list for PBXNativeTarget "aoc-day6" */ = {
			isa = XCConfigurationList;
			buildConfigurations = (
				01357B771DF6A83B0090EFDC /* Debug */,
				01357B781DF6A83B0090EFDC /* Release */,
			);
			defaultConfigurationIsVisible = 0;
			defaultConfigurationName = Release;
		};
		0151E80A1DF75EC0000B27E1 /* Build configuration list for PBXNativeTarget "aoc-day2" */ = {
			isa = XCConfigurationList;
			buildConfigurations = (
				0151E80B1DF75EC0000B27E1 /* Debug */,
				0151E80C1DF75EC0000B27E1 /* Release */,
			);
			defaultConfigurationIsVisible = 0;
		};
		0151E8151DF75ECB000B27E1 /* Build configuration list for PBXNativeTarget "aoc-day3" */ = {
			isa = XCConfigurationList;
			buildConfigurations = (
				0151E8161DF75ECB000B27E1 /* Debug */,
				0151E8171DF75ECB000B27E1 /* Release */,
			);
			defaultConfigurationIsVisible = 0;
		};
		0151E8201DF75ED2000B27E1 /* Build configuration list for PBXNativeTarget "aoc-day4" */ = {
			isa = XCConfigurationList;
			buildConfigurations = (
				0151E8211DF75ED2000B27E1 /* Debug */,
				0151E8221DF75ED2000B27E1 /* Release */,
			);
			defaultConfigurationIsVisible = 0;
		};
/* End XCConfigurationList section */
	};
	rootObject = 01357B3C1DF5B0B30090EFDC /* Project object */;
}
